// !$*UTF8*$!
{
	archiveVersion = 1;
	classes = {
	};
	objectVersion = 77;
	objects = {

/* Begin PBXBuildFile section */
		00DFECF5401AE90285BE83D6 /* Deposit.swift in Sources */ = {isa = PBXBuildFile; fileRef = A0238E405DEDB6D9FAEAE881 /* Deposit.swift */; };
		015060CDB3630B368B305AD7 /* UpbitModels.swift in Sources */ = {isa = PBXBuildFile; fileRef = 88F8AC2B260C922C237C900A /* UpbitModels.swift */; };
		0274F4CD608F2A713F1AD1C6 /* SettingsView.swift in Sources */ = {isa = PBXBuildFile; fileRef = D08F08CE8E23852FF7F31ED1 /* SettingsView.swift */; };
		02EE5B557E66DEDEDB7AE247 /* DrawingViewModel.swift in Sources */ = {isa = PBXBuildFile; fileRef = 4852BA6DF2F5E2D2C909AC02 /* DrawingViewModel.swift */; };
		051A81CB3C4B40C6C5379B00 /* Indicator.swift in Sources */ = {isa = PBXBuildFile; fileRef = E4856176E66B8312A1BCA7F8 /* Indicator.swift */; };
		0747A6D21BD002CAD0142C42 /* TransactionHistoryView.swift in Sources */ = {isa = PBXBuildFile; fileRef = 7945259346B82FB4890F922B /* TransactionHistoryView.swift */; };
		09A3DF5976AD2C9F9E2CCF70 /* DepositListView.swift in Sources */ = {isa = PBXBuildFile; fileRef = E1B5495164F5590597C3310F /* DepositListView.swift */; };
		0B5E04C7439ACE7E89B5B8BB /* IndicatorOverlayCanvas.swift in Sources */ = {isa = PBXBuildFile; fileRef = ED6E2B632B4DF17045B1451D /* IndicatorOverlayCanvas.swift */; };
		0BC504FBC24C21A41E373C8C /* CryptoTrackApp.swift in Sources */ = {isa = PBXBuildFile; fileRef = EE92905CC6A894C1C5D85684 /* CryptoTrackApp.swift */; };
		0D7E7B30C4252603D2B8298B /* AssetRowView.swift in Sources */ = {isa = PBXBuildFile; fileRef = 829E5D79CAA13AF24C902797 /* AssetRowView.swift */; };
		13C07F479E2B4FFAA0CD976C /* UpbitAuthenticator.swift in Sources */ = {isa = PBXBuildFile; fileRef = 2794D5492839B07BDFD497D9 /* UpbitAuthenticator.swift */; };
		1437BAF292408FCE23692858 /* BybitAuthenticator.swift in Sources */ = {isa = PBXBuildFile; fileRef = A0C8D4118909D5194348EB00 /* BybitAuthenticator.swift */; };
		16899562332A724069A6E2EA /* IndicatorOverlayCanvas.swift in Sources */ = {isa = PBXBuildFile; fileRef = ED6E2B632B4DF17045B1451D /* IndicatorOverlayCanvas.swift */; };
		18B4D92FAA6FBCD19099DE9F /* BinanceModels.swift in Sources */ = {isa = PBXBuildFile; fileRef = C6AFD933DEFFE11FD71FF26D /* BinanceModels.swift */; };
		1C308663E6FEB4F1FCD5395A /* PortfolioSummaryView.swift in Sources */ = {isa = PBXBuildFile; fileRef = 8344C7737156A71CF574CA44 /* PortfolioSummaryView.swift */; };
		1C7567C75552FB525EA1C986 /* CoinoneModels.swift in Sources */ = {isa = PBXBuildFile; fileRef = 06868FAC22000898FF2EAD94 /* CoinoneModels.swift */; };
		1DAE3B5B754BB09951129428 /* BinanceModels.swift in Sources */ = {isa = PBXBuildFile; fileRef = C6AFD933DEFFE11FD71FF26D /* BinanceModels.swift */; };
		1DB47048C90F14A2DA7611FF /* KorbitService.swift in Sources */ = {isa = PBXBuildFile; fileRef = E9C8256951226340D3F519D7 /* KorbitService.swift */; };
		1F202936D8949DC369511FE7 /* BithumbModels.swift in Sources */ = {isa = PBXBuildFile; fileRef = C550256480F6C8FA520961F8 /* BithumbModels.swift */; };
		1F445143D4A9761684A31625 /* SettingsView.swift in Sources */ = {isa = PBXBuildFile; fileRef = D08F08CE8E23852FF7F31ED1 /* SettingsView.swift */; };
		1F8985F711BE22D21DF6BB35 /* Kline.swift in Sources */ = {isa = PBXBuildFile; fileRef = 8E5FC9E6BBCB4B1A6BF02829 /* Kline.swift */; };
		24E0B07711370F457D6276F7 /* ChartDataManager.swift in Sources */ = {isa = PBXBuildFile; fileRef = C4953FA9EE5EF8533299807D /* ChartDataManager.swift */; };
		2578F560529BF09A07970277 /* Theme.swift in Sources */ = {isa = PBXBuildFile; fileRef = D11AB07926A32E57D69BA2FB /* Theme.swift */; };
		25EC7D45B325380F2B1BCE24 /* SettingsViewModel.swift in Sources */ = {isa = PBXBuildFile; fileRef = B28524CE93529E37B8945240 /* SettingsViewModel.swift */; };
		26A16AC1057994EFDD2A6163 /* ChartDrawing.swift in Sources */ = {isa = PBXBuildFile; fileRef = 6CD12669DE8019FE76315CB9 /* ChartDrawing.swift */; };
		2D6EAD059902F121E1197C59 /* VolumeBarCanvas.swift in Sources */ = {isa = PBXBuildFile; fileRef = ECB7273BA1A3124D3EEF4A21 /* VolumeBarCanvas.swift */; };
		2ED7655AE5504CA35E0151B8 /* DrawingStorageService.swift in Sources */ = {isa = PBXBuildFile; fileRef = EC8A0AD438E938DEFC4EACB8 /* DrawingStorageService.swift */; };
		3334B8AF5CEE0CD88A9E0529 /* BinanceAuthenticator.swift in Sources */ = {isa = PBXBuildFile; fileRef = 817492FE8F1013795D10D037 /* BinanceAuthenticator.swift */; };
		3545122DD543B52CE0C4060E /* KeychainServiceTests.swift in Sources */ = {isa = PBXBuildFile; fileRef = 347A014BCB1363317FFA3468 /* KeychainServiceTests.swift */; };
		3819CC63F4D072B7E88EE4AD /* ChartDataManager.swift in Sources */ = {isa = PBXBuildFile; fileRef = C4953FA9EE5EF8533299807D /* ChartDataManager.swift */; };
		39F36A2E9D39D832AE69E586 /* DrawingSyncService.swift in Sources */ = {isa = PBXBuildFile; fileRef = 82CAAD7C95E09068B05660A2 /* DrawingSyncService.swift */; };
		3A450B9D8ED2029C82DE44C8 /* OrderListView.swift in Sources */ = {isa = PBXBuildFile; fileRef = 80BA4095AD1BC21CEB823783 /* OrderListView.swift */; };
		3B6AC4E1A4FD352FF24637FD /* PlatformAdaptiveLayout.swift in Sources */ = {isa = PBXBuildFile; fileRef = AC1ABA8638CC5B911F41AB46 /* PlatformAdaptiveLayout.swift */; };
		3DD4706ED1DEE53EC9680019 /* ViewModifiers.swift in Sources */ = {isa = PBXBuildFile; fileRef = 8E04BB936E923BFB58D3FD86 /* ViewModifiers.swift */; };
		40186E54D402D8996280A5F2 /* CandlestickChartView.swift in Sources */ = {isa = PBXBuildFile; fileRef = 66488A1082DE22A9D7049C02 /* CandlestickChartView.swift */; };
		42DC072FDEB613594FE1DAB4 /* KorbitAuthenticator.swift in Sources */ = {isa = PBXBuildFile; fileRef = 9A49290D5E895F8DC2517969 /* KorbitAuthenticator.swift */; };
		441B1056B75F5E7233770C6B /* LockScreenView.swift in Sources */ = {isa = PBXBuildFile; fileRef = 4EDAEBAF23818CADBF19CE59 /* LockScreenView.swift */; };
		45DED8CE4C279202AE79DCF1 /* AppLockManager.swift in Sources */ = {isa = PBXBuildFile; fileRef = 1809FB31723C5AD62E650CB0 /* AppLockManager.swift */; };
		46D0931E743893778DE89C8E /* ExchangeSetupView.swift in Sources */ = {isa = PBXBuildFile; fileRef = CB11900502BD1E82CF55967D /* ExchangeSetupView.swift */; };
		4727A59A686EFBF178B75134 /* BinanceService.swift in Sources */ = {isa = PBXBuildFile; fileRef = 8EE37BB3FB354C45B96CB492 /* BinanceService.swift */; };
		47C9B8D8810B513559FDD24E /* Theme.swift in Sources */ = {isa = PBXBuildFile; fileRef = D11AB07926A32E57D69BA2FB /* Theme.swift */; };
		4936C7EA8C2813D9508AB69B /* OKXAuthenticator.swift in Sources */ = {isa = PBXBuildFile; fileRef = B1D3D7E225CDFAF04292D563 /* OKXAuthenticator.swift */; };
		4F852D6F0C37CC2CD23393C4 /* PagedResult.swift in Sources */ = {isa = PBXBuildFile; fileRef = 5BABB719E01BF5DA65121818 /* PagedResult.swift */; };
		51C7F939F4C7ADFDC31C617D /* CoinoneService.swift in Sources */ = {isa = PBXBuildFile; fileRef = E953C8E9015B7DE7ED8D823C /* CoinoneService.swift */; };
		54765F0F5CA662C0CEEC67F8 /* ExchangeGuide.swift in Sources */ = {isa = PBXBuildFile; fileRef = 9BA1965E1B0CE8CFA166B9E5 /* ExchangeGuide.swift */; };
		5482FDC423059B01418614ED /* CrosshairOverlayView.swift in Sources */ = {isa = PBXBuildFile; fileRef = 2121620E53A1B48E7F42840B /* CrosshairOverlayView.swift */; };
		561425FA0844E8337E91E5ED /* AppSettings.swift in Sources */ = {isa = PBXBuildFile; fileRef = 9977012669192991B4724869 /* AppSettings.swift */; };
		56297328F5D62918B0B61E64 /* PriceColorMode.swift in Sources */ = {isa = PBXBuildFile; fileRef = 18A990B8501A0DA0715C7326 /* PriceColorMode.swift */; };
		59EDEBCFED06D49D0138533C /* ChartViewModel.swift in Sources */ = {isa = PBXBuildFile; fileRef = 3092225FF81F8060019A4DD9 /* ChartViewModel.swift */; };
		5B55CD0CFC63A1DFA13EA416 /* ViewModifiers.swift in Sources */ = {isa = PBXBuildFile; fileRef = 8E04BB936E923BFB58D3FD86 /* ViewModifiers.swift */; };
		5C231CEF3B2189B62F536F27 /* DepositListView.swift in Sources */ = {isa = PBXBuildFile; fileRef = E1B5495164F5590597C3310F /* DepositListView.swift */; };
		5C2A87F45A99E2F89ADB7F0D /* ExchangeManagerTests.swift in Sources */ = {isa = PBXBuildFile; fileRef = 586BAF46C0B370D4BDCF6053 /* ExchangeManagerTests.swift */; };
		5DCCB147E18CAD6242BFC343 /* PriceColor.swift in Sources */ = {isa = PBXBuildFile; fileRef = 352B5F56FB575782DAFC6D5D /* PriceColor.swift */; };
		5F64DA9FDCB3B76AEAF0709A /* PagedResult.swift in Sources */ = {isa = PBXBuildFile; fileRef = 5BABB719E01BF5DA65121818 /* PagedResult.swift */; };
		604B9C6EF09BA0275919DFD5 /* OrderListView.swift in Sources */ = {isa = PBXBuildFile; fileRef = 80BA4095AD1BC21CEB823783 /* OrderListView.swift */; };
		631ECD27BD26DF740F384567 /* CoinoneAuthenticator.swift in Sources */ = {isa = PBXBuildFile; fileRef = EA0398A8B3F551B99EAA4881 /* CoinoneAuthenticator.swift */; };
		64A0FC0AD467B15C7E31D02C /* KeychainService.swift in Sources */ = {isa = PBXBuildFile; fileRef = 44BF77678F8F9CD0D05864F6 /* KeychainService.swift */; };
		67D1CC35B2B89B4302350516 /* ChartDrawing.swift in Sources */ = {isa = PBXBuildFile; fileRef = 6CD12669DE8019FE76315CB9 /* ChartDrawing.swift */; };
		6AFD99701C9764E7A493AECB /* ExchangeManager.swift in Sources */ = {isa = PBXBuildFile; fileRef = AB31C31C0F6C0F65F23C7E6C /* ExchangeManager.swift */; };
		6B8C4D40C08BB36B72834C13 /* BithumbService.swift in Sources */ = {isa = PBXBuildFile; fileRef = E90302837D216377EE23F496 /* BithumbService.swift */; };
		6CAB3C9B0D2E611F0DACB7BC /* Ticker.swift in Sources */ = {isa = PBXBuildFile; fileRef = 0A380BE2B8D5C0AAC816B247 /* Ticker.swift */; };
		6CB5D63B23DC96E0AB198372 /* BithumbService.swift in Sources */ = {isa = PBXBuildFile; fileRef = E90302837D216377EE23F496 /* BithumbService.swift */; };
		6D871484572C35CACC3BE3CD /* OKXModels.swift in Sources */ = {isa = PBXBuildFile; fileRef = 2AD631E0111F8EB380D2A416 /* OKXModels.swift */; };
		6E0010687169DF56F915E388 /* ExchangeSetupView.swift in Sources */ = {isa = PBXBuildFile; fileRef = CB11900502BD1E82CF55967D /* ExchangeSetupView.swift */; };
		6E2D2188DE723F7D6F4C20B8 /* ExchangeManagerTests.swift in Sources */ = {isa = PBXBuildFile; fileRef = 586BAF46C0B370D4BDCF6053 /* ExchangeManagerTests.swift */; };
		707285F0E5DA545CCFA6B7D0 /* DrawingToolbarView.swift in Sources */ = {isa = PBXBuildFile; fileRef = 35542DF87C4CA33970476EFE /* DrawingToolbarView.swift */; };
		70A58A3309621338DE228847 /* DashboardView.swift in Sources */ = {isa = PBXBuildFile; fileRef = CA4769E89A5F115B6254A2A5 /* DashboardView.swift */; };
		78314D75E5843AD28F1C6301 /* OKXService.swift in Sources */ = {isa = PBXBuildFile; fileRef = 93D5BEA612E533AD6B38D565 /* OKXService.swift */; };
		797846C2A4C595B57C553CC9 /* BinanceAuthenticator.swift in Sources */ = {isa = PBXBuildFile; fileRef = 817492FE8F1013795D10D037 /* BinanceAuthenticator.swift */; };
		79B82F4C460AF7BCEE3E2B34 /* IndicatorCalculator.swift in Sources */ = {isa = PBXBuildFile; fileRef = 039EDF4A5C40C19012AE661D /* IndicatorCalculator.swift */; };
		7AC8C21F964A0AEBC4757585 /* ExchangeManager.swift in Sources */ = {isa = PBXBuildFile; fileRef = AB31C31C0F6C0F65F23C7E6C /* ExchangeManager.swift */; };
		7D96A76F917033C4C25F594A /* TransactionHistoryViewModel.swift in Sources */ = {isa = PBXBuildFile; fileRef = 4CA346A3BC9E009128279C7F /* TransactionHistoryViewModel.swift */; };
		813DF19805F5CA0D00287738 /* BybitAuthenticator.swift in Sources */ = {isa = PBXBuildFile; fileRef = A0C8D4118909D5194348EB00 /* BybitAuthenticator.swift */; };
		81C0D4C538C81B420987AAAD /* CryptoTrackApp.swift in Sources */ = {isa = PBXBuildFile; fileRef = EE92905CC6A894C1C5D85684 /* CryptoTrackApp.swift */; };
		821EFAEF24BAD7F434C4E5BC /* PriceFormatter.swift in Sources */ = {isa = PBXBuildFile; fileRef = E3D9A82AA73DEBBE32815E4E /* PriceFormatter.swift */; };
		8223A42ABDACB908D27E11A7 /* VolumeBarCanvas.swift in Sources */ = {isa = PBXBuildFile; fileRef = ECB7273BA1A3124D3EEF4A21 /* VolumeBarCanvas.swift */; };
		82444F479BFD12E9C8AD6046 /* ChartViewModel.swift in Sources */ = {isa = PBXBuildFile; fileRef = 3092225FF81F8060019A4DD9 /* ChartViewModel.swift */; };
		83073A2A9407495B55EE3B7D /* IndicatorPickerView.swift in Sources */ = {isa = PBXBuildFile; fileRef = 68A615985E2DDAF424352324 /* IndicatorPickerView.swift */; };
		84422F0DB21BD117C4EF0919 /* AppSettingsManager.swift in Sources */ = {isa = PBXBuildFile; fileRef = 671FDB96D591C570D0B4A222 /* AppSettingsManager.swift */; };
		85EC2C97085BF668654A70EC /* APIKeyGuideView.swift in Sources */ = {isa = PBXBuildFile; fileRef = 75F6B042528DF0314FF01546 /* APIKeyGuideView.swift */; };
		861F85EA05EC1695DE051E9F /* AppLockManager.swift in Sources */ = {isa = PBXBuildFile; fileRef = 1809FB31723C5AD62E650CB0 /* AppLockManager.swift */; };
		8BD9CD92C03A1127AFF007BA /* PriceFormatter.swift in Sources */ = {isa = PBXBuildFile; fileRef = E3D9A82AA73DEBBE32815E4E /* PriceFormatter.swift */; };
		8C986F7E571D170C2BD4E345 /* CoinoneAuthenticator.swift in Sources */ = {isa = PBXBuildFile; fileRef = EA0398A8B3F551B99EAA4881 /* CoinoneAuthenticator.swift */; };
		8E8C9B34E942D0D5D68254BF /* Indicator.swift in Sources */ = {isa = PBXBuildFile; fileRef = E4856176E66B8312A1BCA7F8 /* Indicator.swift */; };
		8F1C462AA011D9B6D252DFEE /* CoinoneModels.swift in Sources */ = {isa = PBXBuildFile; fileRef = 06868FAC22000898FF2EAD94 /* CoinoneModels.swift */; };
		8F67491E187C6A3148588AF4 /* BiometricAuthService.swift in Sources */ = {isa = PBXBuildFile; fileRef = 28A127C65831639A419465DB /* BiometricAuthService.swift */; };
		8F9127AA55E3231BCE5F897B /* UpbitService.swift in Sources */ = {isa = PBXBuildFile; fileRef = 0BE5E7B842C2A024DA08EE04 /* UpbitService.swift */; };
		91034B5796142A177D3CD5A3 /* DashboardView.swift in Sources */ = {isa = PBXBuildFile; fileRef = CA4769E89A5F115B6254A2A5 /* DashboardView.swift */; };
		9802CCA484054E0D792585DE /* DashboardViewModel.swift in Sources */ = {isa = PBXBuildFile; fileRef = 6F46D8D08900D7EC7BB034A2 /* DashboardViewModel.swift */; };
		9C1FAF37269967BAC68147AE /* BithumbAuthenticator.swift in Sources */ = {isa = PBXBuildFile; fileRef = CC97ED7469C6C4333F23604A /* BithumbAuthenticator.swift */; };
		9DD6AF5497B9673B9335BD82 /* Deposit.swift in Sources */ = {isa = PBXBuildFile; fileRef = A0238E405DEDB6D9FAEAE881 /* Deposit.swift */; };
		9DE680A5F72D56EA73679F58 /* TransactionHistoryView.swift in Sources */ = {isa = PBXBuildFile; fileRef = 7945259346B82FB4890F922B /* TransactionHistoryView.swift */; };
		9F2B4DB3DE1CAD6714C06B17 /* BinanceService.swift in Sources */ = {isa = PBXBuildFile; fileRef = 8EE37BB3FB354C45B96CB492 /* BinanceService.swift */; };
		A2E4CBC4C272E55B737F430E /* UpbitModels.swift in Sources */ = {isa = PBXBuildFile; fileRef = 88F8AC2B260C922C237C900A /* UpbitModels.swift */; };
		A2F495AF5AA4EEA031017126 /* IndicatorSubPanelCanvas.swift in Sources */ = {isa = PBXBuildFile; fileRef = 8A2BA39F701B53799B9312EB /* IndicatorSubPanelCanvas.swift */; };
		A320FF6F48E111326B977724 /* Asset.swift in Sources */ = {isa = PBXBuildFile; fileRef = DAD125E46CB3EB8D808C0451 /* Asset.swift */; };
		A5291BCFC5C18B38807D2C98 /* ContentView.swift in Sources */ = {isa = PBXBuildFile; fileRef = 2928C4D84F8D9FC746C47F57 /* ContentView.swift */; };
		A8B83B1C68CBC677554B956C /* BybitService.swift in Sources */ = {isa = PBXBuildFile; fileRef = 4EE5DD232B80F0DC9AA2D98C /* BybitService.swift */; };
		A9CDD485BC0B104FD906A05D /* UpbitService.swift in Sources */ = {isa = PBXBuildFile; fileRef = 0BE5E7B842C2A024DA08EE04 /* UpbitService.swift */; };
		ABCFBB0E82361CD5292D66A1 /* CrosshairOverlayView.swift in Sources */ = {isa = PBXBuildFile; fileRef = 2121620E53A1B48E7F42840B /* CrosshairOverlayView.swift */; };
		AD99B2610935A92FF8ED44F7 /* CandlestickCanvas.swift in Sources */ = {isa = PBXBuildFile; fileRef = B95E007430B82E724721AC49 /* CandlestickCanvas.swift */; };
		AF9817B1819304DF74D5F7C1 /* ExchangeFilter.swift in Sources */ = {isa = PBXBuildFile; fileRef = A0C5650608A5ED6B12C917E3 /* ExchangeFilter.swift */; };
		B18330A0C01C2B3D441F9638 /* AssetRow.swift in Sources */ = {isa = PBXBuildFile; fileRef = 015ED9DDEE372FB7BBF4E431 /* AssetRow.swift */; };
		B30708FD724C5D21D82E38EB /* DashboardViewModel.swift in Sources */ = {isa = PBXBuildFile; fileRef = 6F46D8D08900D7EC7BB034A2 /* DashboardViewModel.swift */; };
		B5A74FB2AD7AC94A06A5E186 /* APIKeyGuideView.swift in Sources */ = {isa = PBXBuildFile; fileRef = 75F6B042528DF0314FF01546 /* APIKeyGuideView.swift */; };
		B619BBDF81714BD338E0CBB4 /* AppSettings.swift in Sources */ = {isa = PBXBuildFile; fileRef = 9977012669192991B4724869 /* AppSettings.swift */; };
		B647ADFE49A4E91B47424D8B /* Order.swift in Sources */ = {isa = PBXBuildFile; fileRef = 5B4E704CC6687341E956BDC9 /* Order.swift */; };
		B928177FC68D0BC9F29AF8A3 /* AssetRow.swift in Sources */ = {isa = PBXBuildFile; fileRef = 015ED9DDEE372FB7BBF4E431 /* AssetRow.swift */; };
		BA79881312796B6CF28D8A0F /* OKXService.swift in Sources */ = {isa = PBXBuildFile; fileRef = 93D5BEA612E533AD6B38D565 /* OKXService.swift */; };
		BB3AAFC2EFC6EA87B2D6F195 /* KorbitModels.swift in Sources */ = {isa = PBXBuildFile; fileRef = E39E8518D3D082761DAC5B1C /* KorbitModels.swift */; };
		BBD0216C51A41D71E5C84675 /* DrawingCanvas.swift in Sources */ = {isa = PBXBuildFile; fileRef = A650B28FB5B4E8FC6B1492DE /* DrawingCanvas.swift */; };
		BF293FE77E42D574D15423F4 /* BiometricAuthService.swift in Sources */ = {isa = PBXBuildFile; fileRef = 28A127C65831639A419465DB /* BiometricAuthService.swift */; };
		C1459737EA3473519873308E /* AssetRowView.swift in Sources */ = {isa = PBXBuildFile; fileRef = 829E5D79CAA13AF24C902797 /* AssetRowView.swift */; };
		C1DF507A6895A095F17AE1CF /* KorbitService.swift in Sources */ = {isa = PBXBuildFile; fileRef = E9C8256951226340D3F519D7 /* KorbitService.swift */; };
		C3D251CC911C45F3C80EDB04 /* PriceColorMode.swift in Sources */ = {isa = PBXBuildFile; fileRef = 18A990B8501A0DA0715C7326 /* PriceColorMode.swift */; };
		C571460A82C1A8A8559A4FD7 /* ModelTests.swift in Sources */ = {isa = PBXBuildFile; fileRef = 4EBBEA14CC4DD7124768EC12 /* ModelTests.swift */; };
		C5D5D87BFFBE42F86268DCCC /* ExchangeService.swift in Sources */ = {isa = PBXBuildFile; fileRef = 91775BE24F4D7AC40D474E76 /* ExchangeService.swift */; };
		C6F9685CE0B73E5C4C931B40 /* BybitService.swift in Sources */ = {isa = PBXBuildFile; fileRef = 4EE5DD232B80F0DC9AA2D98C /* BybitService.swift */; };
		C822FB5F4E23F7ADAFF7DE32 /* CoinoneService.swift in Sources */ = {isa = PBXBuildFile; fileRef = E953C8E9015B7DE7ED8D823C /* CoinoneService.swift */; };
		C8CD9550808FD21AEDF225ED /* PlatformAdaptiveLayout.swift in Sources */ = {isa = PBXBuildFile; fileRef = AC1ABA8638CC5B911F41AB46 /* PlatformAdaptiveLayout.swift */; };
		CA387125A6EF1EFA67449A26 /* Order.swift in Sources */ = {isa = PBXBuildFile; fileRef = 5B4E704CC6687341E956BDC9 /* Order.swift */; };
		CA80EF27A683E13BFF089A68 /* CryptoTrack.entitlements.bak in Resources */ = {isa = PBXBuildFile; fileRef = DAB06F1E9384104FA000779B /* CryptoTrack.entitlements.bak */; };
		CAD28FF7F5D1597B4449F942 /* KorbitModels.swift in Sources */ = {isa = PBXBuildFile; fileRef = E39E8518D3D082761DAC5B1C /* KorbitModels.swift */; };
		CCAEA9D0D34B8ABD6C3059CF /* DrawingToolbarView.swift in Sources */ = {isa = PBXBuildFile; fileRef = 35542DF87C4CA33970476EFE /* DrawingToolbarView.swift */; };
		CF2ADC3506F3439CDC1A2DC5 /* BybitModels.swift in Sources */ = {isa = PBXBuildFile; fileRef = 19049C75B3807E418FB9EC8D /* BybitModels.swift */; };
		CFFD02CF8C206B97CB4885D7 /* BithumbAuthenticator.swift in Sources */ = {isa = PBXBuildFile; fileRef = CC97ED7469C6C4333F23604A /* BithumbAuthenticator.swift */; };
		D17B0299F6DC4CBB02133486 /* CryptoTrack.entitlements.bak in Resources */ = {isa = PBXBuildFile; fileRef = DAB06F1E9384104FA000779B /* CryptoTrack.entitlements.bak */; };
		D1CC2F26AA40307AC4444772 /* BybitModels.swift in Sources */ = {isa = PBXBuildFile; fileRef = 19049C75B3807E418FB9EC8D /* BybitModels.swift */; };
		D1F01C198F1DCE33FE1D1A0C /* Asset.swift in Sources */ = {isa = PBXBuildFile; fileRef = DAD125E46CB3EB8D808C0451 /* Asset.swift */; };
		D279040AB24A06FEC34A9F79 /* DrawingSyncService.swift in Sources */ = {isa = PBXBuildFile; fileRef = 82CAAD7C95E09068B05660A2 /* DrawingSyncService.swift */; };
		D2ADFD6A68D806FB79F13C63 /* OKXModels.swift in Sources */ = {isa = PBXBuildFile; fileRef = 2AD631E0111F8EB380D2A416 /* OKXModels.swift */; };
		D3394F200ED85662DB62EB7B /* CloudSyncService.swift in Sources */ = {isa = PBXBuildFile; fileRef = 478CFF3F8BC7E7861AD9C18D /* CloudSyncService.swift */; };
		D40533D3897A66C7B98BE3BD /* OKXAuthenticator.swift in Sources */ = {isa = PBXBuildFile; fileRef = B1D3D7E225CDFAF04292D563 /* OKXAuthenticator.swift */; };
		D47961C7D97EB4EF64626B04 /* KeychainService.swift in Sources */ = {isa = PBXBuildFile; fileRef = 44BF77678F8F9CD0D05864F6 /* KeychainService.swift */; };
		D6FCDCD9E74BF568FD35BA35 /* IndicatorSubPanelCanvas.swift in Sources */ = {isa = PBXBuildFile; fileRef = 8A2BA39F701B53799B9312EB /* IndicatorSubPanelCanvas.swift */; };
		D7A965E1F529172FFE19A552 /* DrawingStorageService.swift in Sources */ = {isa = PBXBuildFile; fileRef = EC8A0AD438E938DEFC4EACB8 /* DrawingStorageService.swift */; };
		D836B238BD3C25EC0E2E3538 /* CandlestickChartView.swift in Sources */ = {isa = PBXBuildFile; fileRef = 66488A1082DE22A9D7049C02 /* CandlestickChartView.swift */; };
		D95C8F7CC1D37B8388AFE97C /* LockScreenView.swift in Sources */ = {isa = PBXBuildFile; fileRef = 4EDAEBAF23818CADBF19CE59 /* LockScreenView.swift */; };
		D9A485C2F2B2E7F23EBD8EE1 /* KeychainServiceTests.swift in Sources */ = {isa = PBXBuildFile; fileRef = 347A014BCB1363317FFA3468 /* KeychainServiceTests.swift */; };
		DB6760635C1422AD221E51B2 /* IndicatorPickerView.swift in Sources */ = {isa = PBXBuildFile; fileRef = 68A615985E2DDAF424352324 /* IndicatorPickerView.swift */; };
		DC00C07A662CE706AC300D26 /* AppSettingsManager.swift in Sources */ = {isa = PBXBuildFile; fileRef = 671FDB96D591C570D0B4A222 /* AppSettingsManager.swift */; };
		DC1A382321BC37999D150D11 /* TimeframePickerView.swift in Sources */ = {isa = PBXBuildFile; fileRef = C3B443A8C0579A1039CAAB87 /* TimeframePickerView.swift */; };
		DCD03C9B9065B4E565482D37 /* Ticker.swift in Sources */ = {isa = PBXBuildFile; fileRef = 0A380BE2B8D5C0AAC816B247 /* Ticker.swift */; };
		DFFF1464876305AA8244E9CF /* BithumbModels.swift in Sources */ = {isa = PBXBuildFile; fileRef = C550256480F6C8FA520961F8 /* BithumbModels.swift */; };
		E1E072307C92DD67D053808C /* ModelTests.swift in Sources */ = {isa = PBXBuildFile; fileRef = 4EBBEA14CC4DD7124768EC12 /* ModelTests.swift */; };
		E3846FD217ABE3F877BE0DB5 /* ContentView.swift in Sources */ = {isa = PBXBuildFile; fileRef = 2928C4D84F8D9FC746C47F57 /* ContentView.swift */; };
		E5004DEA4B1F7A557F13C005 /* Kline.swift in Sources */ = {isa = PBXBuildFile; fileRef = 8E5FC9E6BBCB4B1A6BF02829 /* Kline.swift */; };
		E62D0CA074F92B94E7ECA454 /* KorbitAuthenticator.swift in Sources */ = {isa = PBXBuildFile; fileRef = 9A49290D5E895F8DC2517969 /* KorbitAuthenticator.swift */; };
		E690237C16CA89D583DDB9C1 /* UpbitAuthenticator.swift in Sources */ = {isa = PBXBuildFile; fileRef = 2794D5492839B07BDFD497D9 /* UpbitAuthenticator.swift */; };
		E6BAE14CE8BFD2A79AC049A0 /* CloudSyncService.swift in Sources */ = {isa = PBXBuildFile; fileRef = 478CFF3F8BC7E7861AD9C18D /* CloudSyncService.swift */; };
		E772E9453227699A6FF285AA /* ExchangeService.swift in Sources */ = {isa = PBXBuildFile; fileRef = 91775BE24F4D7AC40D474E76 /* ExchangeService.swift */; };
		E7BAC3B7460072442D5C3818 /* QuoteCurrency.swift in Sources */ = {isa = PBXBuildFile; fileRef = 86BD69FA22052B03D02EFCD1 /* QuoteCurrency.swift */; };
		EC1F619197D6D154A4E83429 /* ExchangeFilter.swift in Sources */ = {isa = PBXBuildFile; fileRef = A0C5650608A5ED6B12C917E3 /* ExchangeFilter.swift */; };
		EF0FFB3E3AEB7ABB72CF2458 /* PortfolioSummaryView.swift in Sources */ = {isa = PBXBuildFile; fileRef = 8344C7737156A71CF574CA44 /* PortfolioSummaryView.swift */; };
		EFD355061F259F180EF2A2CE /* TimeframePickerView.swift in Sources */ = {isa = PBXBuildFile; fileRef = C3B443A8C0579A1039CAAB87 /* TimeframePickerView.swift */; };
		F1AC694A679F459927652449 /* DrawingViewModel.swift in Sources */ = {isa = PBXBuildFile; fileRef = 4852BA6DF2F5E2D2C909AC02 /* DrawingViewModel.swift */; };
		F5003537F432F980A1FACEA6 /* DrawingCanvas.swift in Sources */ = {isa = PBXBuildFile; fileRef = A650B28FB5B4E8FC6B1492DE /* DrawingCanvas.swift */; };
		F5AB55E91F6A5AD044C18B44 /* PriceColor.swift in Sources */ = {isa = PBXBuildFile; fileRef = 352B5F56FB575782DAFC6D5D /* PriceColor.swift */; };
		FA826ECCDED02816ADB3E955 /* CandlestickCanvas.swift in Sources */ = {isa = PBXBuildFile; fileRef = B95E007430B82E724721AC49 /* CandlestickCanvas.swift */; };
		FB0BE85E7B159CB2BF233A68 /* SettingsViewModel.swift in Sources */ = {isa = PBXBuildFile; fileRef = B28524CE93529E37B8945240 /* SettingsViewModel.swift */; };
		FB3945064DDE64C709C6B414 /* TransactionHistoryViewModel.swift in Sources */ = {isa = PBXBuildFile; fileRef = 4CA346A3BC9E009128279C7F /* TransactionHistoryViewModel.swift */; };
		FC1476EF3CE1BF44ED449C81 /* ExchangeGuide.swift in Sources */ = {isa = PBXBuildFile; fileRef = 9BA1965E1B0CE8CFA166B9E5 /* ExchangeGuide.swift */; };
		FE0C60CE83A9FA02C886A49B /* QuoteCurrency.swift in Sources */ = {isa = PBXBuildFile; fileRef = 86BD69FA22052B03D02EFCD1 /* QuoteCurrency.swift */; };
		FE17C2C2A43616236A8EBA0E /* IndicatorCalculator.swift in Sources */ = {isa = PBXBuildFile; fileRef = 039EDF4A5C40C19012AE661D /* IndicatorCalculator.swift */; };
/* End PBXBuildFile section */

/* Begin PBXContainerItemProxy section */
		3EA43A5B06B7663DE66BB256 /* PBXContainerItemProxy */ = {
			isa = PBXContainerItemProxy;
			containerPortal = A9AFFCA1A6DAEDB2BDB391A4 /* Project object */;
			proxyType = 1;
			remoteGlobalIDString = 7734F0F3C4306C9CCC30A4BD;
			remoteInfo = CryptoTrack_macOS;
		};
		C4048190C537B4BDD6587A5B /* PBXContainerItemProxy */ = {
			isa = PBXContainerItemProxy;
			containerPortal = A9AFFCA1A6DAEDB2BDB391A4 /* Project object */;
			proxyType = 1;
			remoteGlobalIDString = CB93EEE36D85418F1294F168;
			remoteInfo = CryptoTrack_iOS;
		};
/* End PBXContainerItemProxy section */

/* Begin PBXFileReference section */
		015ED9DDEE372FB7BBF4E431 /* AssetRow.swift */ = {isa = PBXFileReference; lastKnownFileType = sourcecode.swift; path = AssetRow.swift; sourceTree = "<group>"; };
		039EDF4A5C40C19012AE661D /* IndicatorCalculator.swift */ = {isa = PBXFileReference; lastKnownFileType = sourcecode.swift; path = IndicatorCalculator.swift; sourceTree = "<group>"; };
		06868FAC22000898FF2EAD94 /* CoinoneModels.swift */ = {isa = PBXFileReference; lastKnownFileType = sourcecode.swift; path = CoinoneModels.swift; sourceTree = "<group>"; };
		0A380BE2B8D5C0AAC816B247 /* Ticker.swift */ = {isa = PBXFileReference; lastKnownFileType = sourcecode.swift; path = Ticker.swift; sourceTree = "<group>"; };
		0BE5E7B842C2A024DA08EE04 /* UpbitService.swift */ = {isa = PBXFileReference; lastKnownFileType = sourcecode.swift; path = UpbitService.swift; sourceTree = "<group>"; };
		1809FB31723C5AD62E650CB0 /* AppLockManager.swift */ = {isa = PBXFileReference; lastKnownFileType = sourcecode.swift; path = AppLockManager.swift; sourceTree = "<group>"; };
		18A990B8501A0DA0715C7326 /* PriceColorMode.swift */ = {isa = PBXFileReference; lastKnownFileType = sourcecode.swift; path = PriceColorMode.swift; sourceTree = "<group>"; };
		19049C75B3807E418FB9EC8D /* BybitModels.swift */ = {isa = PBXFileReference; lastKnownFileType = sourcecode.swift; path = BybitModels.swift; sourceTree = "<group>"; };
		2121620E53A1B48E7F42840B /* CrosshairOverlayView.swift */ = {isa = PBXFileReference; lastKnownFileType = sourcecode.swift; path = CrosshairOverlayView.swift; sourceTree = "<group>"; };
		2794D5492839B07BDFD497D9 /* UpbitAuthenticator.swift */ = {isa = PBXFileReference; lastKnownFileType = sourcecode.swift; path = UpbitAuthenticator.swift; sourceTree = "<group>"; };
		28A127C65831639A419465DB /* BiometricAuthService.swift */ = {isa = PBXFileReference; lastKnownFileType = sourcecode.swift; path = BiometricAuthService.swift; sourceTree = "<group>"; };
		2928C4D84F8D9FC746C47F57 /* ContentView.swift */ = {isa = PBXFileReference; lastKnownFileType = sourcecode.swift; path = ContentView.swift; sourceTree = "<group>"; };
		2AD631E0111F8EB380D2A416 /* OKXModels.swift */ = {isa = PBXFileReference; lastKnownFileType = sourcecode.swift; path = OKXModels.swift; sourceTree = "<group>"; };
		3092225FF81F8060019A4DD9 /* ChartViewModel.swift */ = {isa = PBXFileReference; lastKnownFileType = sourcecode.swift; path = ChartViewModel.swift; sourceTree = "<group>"; };
		347A014BCB1363317FFA3468 /* KeychainServiceTests.swift */ = {isa = PBXFileReference; lastKnownFileType = sourcecode.swift; path = KeychainServiceTests.swift; sourceTree = "<group>"; };
		352B5F56FB575782DAFC6D5D /* PriceColor.swift */ = {isa = PBXFileReference; lastKnownFileType = sourcecode.swift; path = PriceColor.swift; sourceTree = "<group>"; };
		35542DF87C4CA33970476EFE /* DrawingToolbarView.swift */ = {isa = PBXFileReference; lastKnownFileType = sourcecode.swift; path = DrawingToolbarView.swift; sourceTree = "<group>"; };
		36D1A276D14EC9BBCFFA2888 /* CryptoTrackTests_iOS.xctest */ = {isa = PBXFileReference; includeInIndex = 0; lastKnownFileType = wrapper.cfbundle; path = CryptoTrackTests_iOS.xctest; sourceTree = BUILT_PRODUCTS_DIR; };
		44BF77678F8F9CD0D05864F6 /* KeychainService.swift */ = {isa = PBXFileReference; lastKnownFileType = sourcecode.swift; path = KeychainService.swift; sourceTree = "<group>"; };
		478CFF3F8BC7E7861AD9C18D /* CloudSyncService.swift */ = {isa = PBXFileReference; lastKnownFileType = sourcecode.swift; path = CloudSyncService.swift; sourceTree = "<group>"; };
		4852BA6DF2F5E2D2C909AC02 /* DrawingViewModel.swift */ = {isa = PBXFileReference; lastKnownFileType = sourcecode.swift; path = DrawingViewModel.swift; sourceTree = "<group>"; };
		4CA346A3BC9E009128279C7F /* TransactionHistoryViewModel.swift */ = {isa = PBXFileReference; lastKnownFileType = sourcecode.swift; path = TransactionHistoryViewModel.swift; sourceTree = "<group>"; };
		4EBBEA14CC4DD7124768EC12 /* ModelTests.swift */ = {isa = PBXFileReference; lastKnownFileType = sourcecode.swift; path = ModelTests.swift; sourceTree = "<group>"; };
		4EDAEBAF23818CADBF19CE59 /* LockScreenView.swift */ = {isa = PBXFileReference; lastKnownFileType = sourcecode.swift; path = LockScreenView.swift; sourceTree = "<group>"; };
		4EE5DD232B80F0DC9AA2D98C /* BybitService.swift */ = {isa = PBXFileReference; lastKnownFileType = sourcecode.swift; path = BybitService.swift; sourceTree = "<group>"; };
		586BAF46C0B370D4BDCF6053 /* ExchangeManagerTests.swift */ = {isa = PBXFileReference; lastKnownFileType = sourcecode.swift; path = ExchangeManagerTests.swift; sourceTree = "<group>"; };
		5B4E704CC6687341E956BDC9 /* Order.swift */ = {isa = PBXFileReference; lastKnownFileType = sourcecode.swift; path = Order.swift; sourceTree = "<group>"; };
		5BABB719E01BF5DA65121818 /* PagedResult.swift */ = {isa = PBXFileReference; lastKnownFileType = sourcecode.swift; path = PagedResult.swift; sourceTree = "<group>"; };
		66488A1082DE22A9D7049C02 /* CandlestickChartView.swift */ = {isa = PBXFileReference; lastKnownFileType = sourcecode.swift; path = CandlestickChartView.swift; sourceTree = "<group>"; };
		671FDB96D591C570D0B4A222 /* AppSettingsManager.swift */ = {isa = PBXFileReference; lastKnownFileType = sourcecode.swift; path = AppSettingsManager.swift; sourceTree = "<group>"; };
		68A615985E2DDAF424352324 /* IndicatorPickerView.swift */ = {isa = PBXFileReference; lastKnownFileType = sourcecode.swift; path = IndicatorPickerView.swift; sourceTree = "<group>"; };
		6CD12669DE8019FE76315CB9 /* ChartDrawing.swift */ = {isa = PBXFileReference; lastKnownFileType = sourcecode.swift; path = ChartDrawing.swift; sourceTree = "<group>"; };
		6F46D8D08900D7EC7BB034A2 /* DashboardViewModel.swift */ = {isa = PBXFileReference; lastKnownFileType = sourcecode.swift; path = DashboardViewModel.swift; sourceTree = "<group>"; };
		75469FAFD9005DCCF734F4DC /* CryptoTrack.app */ = {isa = PBXFileReference; includeInIndex = 0; lastKnownFileType = wrapper.application; path = CryptoTrack.app; sourceTree = BUILT_PRODUCTS_DIR; };
		75F6B042528DF0314FF01546 /* APIKeyGuideView.swift */ = {isa = PBXFileReference; lastKnownFileType = sourcecode.swift; path = APIKeyGuideView.swift; sourceTree = "<group>"; };
		7945259346B82FB4890F922B /* TransactionHistoryView.swift */ = {isa = PBXFileReference; lastKnownFileType = sourcecode.swift; path = TransactionHistoryView.swift; sourceTree = "<group>"; };
		80BA4095AD1BC21CEB823783 /* OrderListView.swift */ = {isa = PBXFileReference; lastKnownFileType = sourcecode.swift; path = OrderListView.swift; sourceTree = "<group>"; };
		817492FE8F1013795D10D037 /* BinanceAuthenticator.swift */ = {isa = PBXFileReference; lastKnownFileType = sourcecode.swift; path = BinanceAuthenticator.swift; sourceTree = "<group>"; };
		81CBEA1D951A4B51950D02BC /* CryptoTrack.app */ = {isa = PBXFileReference; explicitFileType = wrapper.application; includeInIndex = 0; path = CryptoTrack.app; sourceTree = BUILT_PRODUCTS_DIR; };
		829E5D79CAA13AF24C902797 /* AssetRowView.swift */ = {isa = PBXFileReference; lastKnownFileType = sourcecode.swift; path = AssetRowView.swift; sourceTree = "<group>"; };
		82CAAD7C95E09068B05660A2 /* DrawingSyncService.swift */ = {isa = PBXFileReference; lastKnownFileType = sourcecode.swift; path = DrawingSyncService.swift; sourceTree = "<group>"; };
		8344C7737156A71CF574CA44 /* PortfolioSummaryView.swift */ = {isa = PBXFileReference; lastKnownFileType = sourcecode.swift; path = PortfolioSummaryView.swift; sourceTree = "<group>"; };
		86BD69FA22052B03D02EFCD1 /* QuoteCurrency.swift */ = {isa = PBXFileReference; lastKnownFileType = sourcecode.swift; path = QuoteCurrency.swift; sourceTree = "<group>"; };
		88F8AC2B260C922C237C900A /* UpbitModels.swift */ = {isa = PBXFileReference; lastKnownFileType = sourcecode.swift; path = UpbitModels.swift; sourceTree = "<group>"; };
		8A2BA39F701B53799B9312EB /* IndicatorSubPanelCanvas.swift */ = {isa = PBXFileReference; lastKnownFileType = sourcecode.swift; path = IndicatorSubPanelCanvas.swift; sourceTree = "<group>"; };
		8E04BB936E923BFB58D3FD86 /* ViewModifiers.swift */ = {isa = PBXFileReference; lastKnownFileType = sourcecode.swift; path = ViewModifiers.swift; sourceTree = "<group>"; };
		8E5FC9E6BBCB4B1A6BF02829 /* Kline.swift */ = {isa = PBXFileReference; lastKnownFileType = sourcecode.swift; path = Kline.swift; sourceTree = "<group>"; };
		8EE37BB3FB354C45B96CB492 /* BinanceService.swift */ = {isa = PBXFileReference; lastKnownFileType = sourcecode.swift; path = BinanceService.swift; sourceTree = "<group>"; };
		91775BE24F4D7AC40D474E76 /* ExchangeService.swift */ = {isa = PBXFileReference; lastKnownFileType = sourcecode.swift; path = ExchangeService.swift; sourceTree = "<group>"; };
		93D5BEA612E533AD6B38D565 /* OKXService.swift */ = {isa = PBXFileReference; lastKnownFileType = sourcecode.swift; path = OKXService.swift; sourceTree = "<group>"; };
		9977012669192991B4724869 /* AppSettings.swift */ = {isa = PBXFileReference; lastKnownFileType = sourcecode.swift; path = AppSettings.swift; sourceTree = "<group>"; };
		9A49290D5E895F8DC2517969 /* KorbitAuthenticator.swift */ = {isa = PBXFileReference; lastKnownFileType = sourcecode.swift; path = KorbitAuthenticator.swift; sourceTree = "<group>"; };
		9BA1965E1B0CE8CFA166B9E5 /* ExchangeGuide.swift */ = {isa = PBXFileReference; lastKnownFileType = sourcecode.swift; path = ExchangeGuide.swift; sourceTree = "<group>"; };
		A0238E405DEDB6D9FAEAE881 /* Deposit.swift */ = {isa = PBXFileReference; lastKnownFileType = sourcecode.swift; path = Deposit.swift; sourceTree = "<group>"; };
		A0C5650608A5ED6B12C917E3 /* ExchangeFilter.swift */ = {isa = PBXFileReference; lastKnownFileType = sourcecode.swift; path = ExchangeFilter.swift; sourceTree = "<group>"; };
		A0C8D4118909D5194348EB00 /* BybitAuthenticator.swift */ = {isa = PBXFileReference; lastKnownFileType = sourcecode.swift; path = BybitAuthenticator.swift; sourceTree = "<group>"; };
		A650B28FB5B4E8FC6B1492DE /* DrawingCanvas.swift */ = {isa = PBXFileReference; lastKnownFileType = sourcecode.swift; path = DrawingCanvas.swift; sourceTree = "<group>"; };
		AB31C31C0F6C0F65F23C7E6C /* ExchangeManager.swift */ = {isa = PBXFileReference; lastKnownFileType = sourcecode.swift; path = ExchangeManager.swift; sourceTree = "<group>"; };
		AC1ABA8638CC5B911F41AB46 /* PlatformAdaptiveLayout.swift */ = {isa = PBXFileReference; lastKnownFileType = sourcecode.swift; path = PlatformAdaptiveLayout.swift; sourceTree = "<group>"; };
		B1D3D7E225CDFAF04292D563 /* OKXAuthenticator.swift */ = {isa = PBXFileReference; lastKnownFileType = sourcecode.swift; path = OKXAuthenticator.swift; sourceTree = "<group>"; };
		B28524CE93529E37B8945240 /* SettingsViewModel.swift */ = {isa = PBXFileReference; lastKnownFileType = sourcecode.swift; path = SettingsViewModel.swift; sourceTree = "<group>"; };
		B95E007430B82E724721AC49 /* CandlestickCanvas.swift */ = {isa = PBXFileReference; lastKnownFileType = sourcecode.swift; path = CandlestickCanvas.swift; sourceTree = "<group>"; };
		BA2CAA21B386C7436E45BEB9 /* CryptoTrackTests_macOS.xctest */ = {isa = PBXFileReference; explicitFileType = wrapper.cfbundle; includeInIndex = 0; path = CryptoTrackTests_macOS.xctest; sourceTree = BUILT_PRODUCTS_DIR; };
		C3B443A8C0579A1039CAAB87 /* TimeframePickerView.swift */ = {isa = PBXFileReference; lastKnownFileType = sourcecode.swift; path = TimeframePickerView.swift; sourceTree = "<group>"; };
		C4953FA9EE5EF8533299807D /* ChartDataManager.swift */ = {isa = PBXFileReference; lastKnownFileType = sourcecode.swift; path = ChartDataManager.swift; sourceTree = "<group>"; };
		C550256480F6C8FA520961F8 /* BithumbModels.swift */ = {isa = PBXFileReference; lastKnownFileType = sourcecode.swift; path = BithumbModels.swift; sourceTree = "<group>"; };
		C6AFD933DEFFE11FD71FF26D /* BinanceModels.swift */ = {isa = PBXFileReference; lastKnownFileType = sourcecode.swift; path = BinanceModels.swift; sourceTree = "<group>"; };
		CA4769E89A5F115B6254A2A5 /* DashboardView.swift */ = {isa = PBXFileReference; lastKnownFileType = sourcecode.swift; path = DashboardView.swift; sourceTree = "<group>"; };
		CB11900502BD1E82CF55967D /* ExchangeSetupView.swift */ = {isa = PBXFileReference; lastKnownFileType = sourcecode.swift; path = ExchangeSetupView.swift; sourceTree = "<group>"; };
		CC97ED7469C6C4333F23604A /* BithumbAuthenticator.swift */ = {isa = PBXFileReference; lastKnownFileType = sourcecode.swift; path = BithumbAuthenticator.swift; sourceTree = "<group>"; };
		D08F08CE8E23852FF7F31ED1 /* SettingsView.swift */ = {isa = PBXFileReference; lastKnownFileType = sourcecode.swift; path = SettingsView.swift; sourceTree = "<group>"; };
		D11AB07926A32E57D69BA2FB /* Theme.swift */ = {isa = PBXFileReference; lastKnownFileType = sourcecode.swift; path = Theme.swift; sourceTree = "<group>"; };
		DAB06F1E9384104FA000779B /* CryptoTrack.entitlements.bak */ = {isa = PBXFileReference; path = CryptoTrack.entitlements.bak; sourceTree = "<group>"; };
		DAD125E46CB3EB8D808C0451 /* Asset.swift */ = {isa = PBXFileReference; lastKnownFileType = sourcecode.swift; path = Asset.swift; sourceTree = "<group>"; };
		E1B5495164F5590597C3310F /* DepositListView.swift */ = {isa = PBXFileReference; lastKnownFileType = sourcecode.swift; path = DepositListView.swift; sourceTree = "<group>"; };
		E39E8518D3D082761DAC5B1C /* KorbitModels.swift */ = {isa = PBXFileReference; lastKnownFileType = sourcecode.swift; path = KorbitModels.swift; sourceTree = "<group>"; };
		E3D9A82AA73DEBBE32815E4E /* PriceFormatter.swift */ = {isa = PBXFileReference; lastKnownFileType = sourcecode.swift; path = PriceFormatter.swift; sourceTree = "<group>"; };
		E4856176E66B8312A1BCA7F8 /* Indicator.swift */ = {isa = PBXFileReference; lastKnownFileType = sourcecode.swift; path = Indicator.swift; sourceTree = "<group>"; };
		E90302837D216377EE23F496 /* BithumbService.swift */ = {isa = PBXFileReference; lastKnownFileType = sourcecode.swift; path = BithumbService.swift; sourceTree = "<group>"; };
		E953C8E9015B7DE7ED8D823C /* CoinoneService.swift */ = {isa = PBXFileReference; lastKnownFileType = sourcecode.swift; path = CoinoneService.swift; sourceTree = "<group>"; };
		E9C8256951226340D3F519D7 /* KorbitService.swift */ = {isa = PBXFileReference; lastKnownFileType = sourcecode.swift; path = KorbitService.swift; sourceTree = "<group>"; };
		EA0398A8B3F551B99EAA4881 /* CoinoneAuthenticator.swift */ = {isa = PBXFileReference; lastKnownFileType = sourcecode.swift; path = CoinoneAuthenticator.swift; sourceTree = "<group>"; };
		EC8A0AD438E938DEFC4EACB8 /* DrawingStorageService.swift */ = {isa = PBXFileReference; lastKnownFileType = sourcecode.swift; path = DrawingStorageService.swift; sourceTree = "<group>"; };
		ECB7273BA1A3124D3EEF4A21 /* VolumeBarCanvas.swift */ = {isa = PBXFileReference; lastKnownFileType = sourcecode.swift; path = VolumeBarCanvas.swift; sourceTree = "<group>"; };
		ED6E2B632B4DF17045B1451D /* IndicatorOverlayCanvas.swift */ = {isa = PBXFileReference; lastKnownFileType = sourcecode.swift; path = IndicatorOverlayCanvas.swift; sourceTree = "<group>"; };
		EE92905CC6A894C1C5D85684 /* CryptoTrackApp.swift */ = {isa = PBXFileReference; lastKnownFileType = sourcecode.swift; path = CryptoTrackApp.swift; sourceTree = "<group>"; };
/* End PBXFileReference section */

/* Begin PBXGroup section */
		024298F81DE6F54517CAF92F /* Binance */ = {
			isa = PBXGroup;
			children = (
				817492FE8F1013795D10D037 /* BinanceAuthenticator.swift */,
				C6AFD933DEFFE11FD71FF26D /* BinanceModels.swift */,
				8EE37BB3FB354C45B96CB492 /* BinanceService.swift */,
			);
			path = Binance;
			sourceTree = "<group>";
		};
		0C02421D763689D07103A629 = {
			isa = PBXGroup;
			children = (
				213BAA27C08F0C9B06027EBB /* CryptoTrack */,
				F73B82B8AAA400F25A880A55 /* CryptoTrackTests */,
				1994F1769C36FD809D61F4D5 /* Products */,
			);
			sourceTree = "<group>";
		};
		1496F45F3F866A4D2A6C83EB /* Services */ = {
			isa = PBXGroup;
			children = (
				C4953FA9EE5EF8533299807D /* ChartDataManager.swift */,
				EC8A0AD438E938DEFC4EACB8 /* DrawingStorageService.swift */,
				AB31C31C0F6C0F65F23C7E6C /* ExchangeManager.swift */,
				039EDF4A5C40C19012AE661D /* IndicatorCalculator.swift */,
				29C061CA72900C2345DD1AD4 /* Auth */,
				51F27B882986CCFB52362A83 /* Exchange */,
				9003A6CA121A071231AAB49E /* Keychain */,
				389D73B788C4E2721E800C95 /* Settings */,
				EA44F9FC418B960B7D6E9F7B /* Sync */,
			);
			path = Services;
			sourceTree = "<group>";
		};
		1994F1769C36FD809D61F4D5 /* Products */ = {
			isa = PBXGroup;
			children = (
				75469FAFD9005DCCF734F4DC /* CryptoTrack.app */,
				81CBEA1D951A4B51950D02BC /* CryptoTrack.app */,
				36D1A276D14EC9BBCFFA2888 /* CryptoTrackTests_iOS.xctest */,
				BA2CAA21B386C7436E45BEB9 /* CryptoTrackTests_macOS.xctest */,
			);
			name = Products;
			sourceTree = "<group>";
		};
		1C9BAD4C75547705E328F1FC /* Components */ = {
			isa = PBXGroup;
			children = (
				352B5F56FB575782DAFC6D5D /* PriceColor.swift */,
				E3D9A82AA73DEBBE32815E4E /* PriceFormatter.swift */,
			);
			path = Components;
			sourceTree = "<group>";
		};
		213BAA27C08F0C9B06027EBB /* CryptoTrack */ = {
			isa = PBXGroup;
			children = (
				DAB06F1E9384104FA000779B /* CryptoTrack.entitlements.bak */,
				F98F45CBD97B4F6832A36342 /* App */,
				83459A11D7D7B5200B617E9F /* DesignSystem */,
				FD76BE3C8FBE469207D5EB2C /* Models */,
				1496F45F3F866A4D2A6C83EB /* Services */,
				C4128D1B5EA8B70E878F3A5F /* ViewModels */,
				24C0B3D2DB5D2C033F3049BC /* Views */,
			);
			path = CryptoTrack;
			sourceTree = "<group>";
		};
		24C0B3D2DB5D2C033F3049BC /* Views */ = {
			isa = PBXGroup;
			children = (
				A1065F6659DE574F5ED5D608 /* Auth */,
				8A0290F6CF432A2C4130B98A /* Chart */,
				25D304C4B7B67D5DFA9C78AE /* Dashboard */,
				B16827E26DCCF16EFF055A17 /* Settings */,
				58B6175930CF367B186ACF8B /* TransactionHistory */,
			);
			path = Views;
			sourceTree = "<group>";
		};
		25D304C4B7B67D5DFA9C78AE /* Dashboard */ = {
			isa = PBXGroup;
			children = (
				829E5D79CAA13AF24C902797 /* AssetRowView.swift */,
				CA4769E89A5F115B6254A2A5 /* DashboardView.swift */,
				8344C7737156A71CF574CA44 /* PortfolioSummaryView.swift */,
				1C9BAD4C75547705E328F1FC /* Components */,
			);
			path = Dashboard;
			sourceTree = "<group>";
		};
		29C061CA72900C2345DD1AD4 /* Auth */ = {
			isa = PBXGroup;
			children = (
				1809FB31723C5AD62E650CB0 /* AppLockManager.swift */,
				28A127C65831639A419465DB /* BiometricAuthService.swift */,
			);
			path = Auth;
			sourceTree = "<group>";
		};
		363DB6A8E81EA83AA609053C /* OKX */ = {
			isa = PBXGroup;
			children = (
				B1D3D7E225CDFAF04292D563 /* OKXAuthenticator.swift */,
				2AD631E0111F8EB380D2A416 /* OKXModels.swift */,
				93D5BEA612E533AD6B38D565 /* OKXService.swift */,
			);
			path = OKX;
			sourceTree = "<group>";
		};
		389D73B788C4E2721E800C95 /* Settings */ = {
			isa = PBXGroup;
			children = (
				671FDB96D591C570D0B4A222 /* AppSettingsManager.swift */,
			);
			path = Settings;
			sourceTree = "<group>";
		};
		51F27B882986CCFB52362A83 /* Exchange */ = {
			isa = PBXGroup;
			children = (
				91775BE24F4D7AC40D474E76 /* ExchangeService.swift */,
				024298F81DE6F54517CAF92F /* Binance */,
				A3FBA83D5158C60C28A199A8 /* Bithumb */,
				DD10C017D6EC5CA85525E660 /* Bybit */,
				D06A7B1FADF1168206D422EC /* Coinone */,
				9A3C460D38D0F63CD552D0FF /* Korbit */,
				363DB6A8E81EA83AA609053C /* OKX */,
				FC534E32F1131D0AD9DE64B2 /* Upbit */,
			);
			path = Exchange;
			sourceTree = "<group>";
		};
		58B6175930CF367B186ACF8B /* TransactionHistory */ = {
			isa = PBXGroup;
			children = (
				E1B5495164F5590597C3310F /* DepositListView.swift */,
				80BA4095AD1BC21CEB823783 /* OrderListView.swift */,
				7945259346B82FB4890F922B /* TransactionHistoryView.swift */,
			);
			path = TransactionHistory;
			sourceTree = "<group>";
		};
		83459A11D7D7B5200B617E9F /* DesignSystem */ = {
			isa = PBXGroup;
			children = (
				AC1ABA8638CC5B911F41AB46 /* PlatformAdaptiveLayout.swift */,
				D11AB07926A32E57D69BA2FB /* Theme.swift */,
				8E04BB936E923BFB58D3FD86 /* ViewModifiers.swift */,
			);
			path = DesignSystem;
			sourceTree = "<group>";
		};
		8A0290F6CF432A2C4130B98A /* Chart */ = {
			isa = PBXGroup;
			children = (
				B95E007430B82E724721AC49 /* CandlestickCanvas.swift */,
				66488A1082DE22A9D7049C02 /* CandlestickChartView.swift */,
				2121620E53A1B48E7F42840B /* CrosshairOverlayView.swift */,
				A650B28FB5B4E8FC6B1492DE /* DrawingCanvas.swift */,
				35542DF87C4CA33970476EFE /* DrawingToolbarView.swift */,
				ED6E2B632B4DF17045B1451D /* IndicatorOverlayCanvas.swift */,
				68A615985E2DDAF424352324 /* IndicatorPickerView.swift */,
				8A2BA39F701B53799B9312EB /* IndicatorSubPanelCanvas.swift */,
				C3B443A8C0579A1039CAAB87 /* TimeframePickerView.swift */,
				ECB7273BA1A3124D3EEF4A21 /* VolumeBarCanvas.swift */,
			);
			path = Chart;
			sourceTree = "<group>";
		};
		9003A6CA121A071231AAB49E /* Keychain */ = {
			isa = PBXGroup;
			children = (
				44BF77678F8F9CD0D05864F6 /* KeychainService.swift */,
			);
			path = Keychain;
			sourceTree = "<group>";
		};
		9A3C460D38D0F63CD552D0FF /* Korbit */ = {
			isa = PBXGroup;
			children = (
				9A49290D5E895F8DC2517969 /* KorbitAuthenticator.swift */,
				E39E8518D3D082761DAC5B1C /* KorbitModels.swift */,
				E9C8256951226340D3F519D7 /* KorbitService.swift */,
			);
			path = Korbit;
			sourceTree = "<group>";
		};
		A1065F6659DE574F5ED5D608 /* Auth */ = {
			isa = PBXGroup;
			children = (
				4EDAEBAF23818CADBF19CE59 /* LockScreenView.swift */,
			);
			path = Auth;
			sourceTree = "<group>";
		};
		A3FBA83D5158C60C28A199A8 /* Bithumb */ = {
			isa = PBXGroup;
			children = (
				CC97ED7469C6C4333F23604A /* BithumbAuthenticator.swift */,
				C550256480F6C8FA520961F8 /* BithumbModels.swift */,
				E90302837D216377EE23F496 /* BithumbService.swift */,
			);
			path = Bithumb;
			sourceTree = "<group>";
		};
		B16827E26DCCF16EFF055A17 /* Settings */ = {
			isa = PBXGroup;
			children = (
				75F6B042528DF0314FF01546 /* APIKeyGuideView.swift */,
				CB11900502BD1E82CF55967D /* ExchangeSetupView.swift */,
				D08F08CE8E23852FF7F31ED1 /* SettingsView.swift */,
			);
			path = Settings;
			sourceTree = "<group>";
		};
		C4128D1B5EA8B70E878F3A5F /* ViewModels */ = {
			isa = PBXGroup;
			children = (
				015ED9DDEE372FB7BBF4E431 /* AssetRow.swift */,
				3092225FF81F8060019A4DD9 /* ChartViewModel.swift */,
				6F46D8D08900D7EC7BB034A2 /* DashboardViewModel.swift */,
				4852BA6DF2F5E2D2C909AC02 /* DrawingViewModel.swift */,
				B28524CE93529E37B8945240 /* SettingsViewModel.swift */,
				4CA346A3BC9E009128279C7F /* TransactionHistoryViewModel.swift */,
			);
			path = ViewModels;
			sourceTree = "<group>";
		};
		D06A7B1FADF1168206D422EC /* Coinone */ = {
			isa = PBXGroup;
			children = (
				EA0398A8B3F551B99EAA4881 /* CoinoneAuthenticator.swift */,
				06868FAC22000898FF2EAD94 /* CoinoneModels.swift */,
				E953C8E9015B7DE7ED8D823C /* CoinoneService.swift */,
			);
			path = Coinone;
			sourceTree = "<group>";
		};
		DD10C017D6EC5CA85525E660 /* Bybit */ = {
			isa = PBXGroup;
			children = (
				A0C8D4118909D5194348EB00 /* BybitAuthenticator.swift */,
				19049C75B3807E418FB9EC8D /* BybitModels.swift */,
				4EE5DD232B80F0DC9AA2D98C /* BybitService.swift */,
			);
			path = Bybit;
			sourceTree = "<group>";
		};
		EA44F9FC418B960B7D6E9F7B /* Sync */ = {
			isa = PBXGroup;
			children = (
				478CFF3F8BC7E7861AD9C18D /* CloudSyncService.swift */,
				82CAAD7C95E09068B05660A2 /* DrawingSyncService.swift */,
			);
			path = Sync;
			sourceTree = "<group>";
		};
		F73B82B8AAA400F25A880A55 /* CryptoTrackTests */ = {
			isa = PBXGroup;
			children = (
				586BAF46C0B370D4BDCF6053 /* ExchangeManagerTests.swift */,
				347A014BCB1363317FFA3468 /* KeychainServiceTests.swift */,
				4EBBEA14CC4DD7124768EC12 /* ModelTests.swift */,
			);
			path = CryptoTrackTests;
			sourceTree = "<group>";
		};
		F98F45CBD97B4F6832A36342 /* App */ = {
			isa = PBXGroup;
			children = (
				2928C4D84F8D9FC746C47F57 /* ContentView.swift */,
				EE92905CC6A894C1C5D85684 /* CryptoTrackApp.swift */,
			);
			path = App;
			sourceTree = "<group>";
		};
		FC534E32F1131D0AD9DE64B2 /* Upbit */ = {
			isa = PBXGroup;
			children = (
				2794D5492839B07BDFD497D9 /* UpbitAuthenticator.swift */,
				88F8AC2B260C922C237C900A /* UpbitModels.swift */,
				0BE5E7B842C2A024DA08EE04 /* UpbitService.swift */,
			);
			path = Upbit;
			sourceTree = "<group>";
		};
		FD76BE3C8FBE469207D5EB2C /* Models */ = {
			isa = PBXGroup;
			children = (
				9977012669192991B4724869 /* AppSettings.swift */,
				DAD125E46CB3EB8D808C0451 /* Asset.swift */,
				6CD12669DE8019FE76315CB9 /* ChartDrawing.swift */,
				A0238E405DEDB6D9FAEAE881 /* Deposit.swift */,
				A0C5650608A5ED6B12C917E3 /* ExchangeFilter.swift */,
				9BA1965E1B0CE8CFA166B9E5 /* ExchangeGuide.swift */,
				E4856176E66B8312A1BCA7F8 /* Indicator.swift */,
				8E5FC9E6BBCB4B1A6BF02829 /* Kline.swift */,
				5B4E704CC6687341E956BDC9 /* Order.swift */,
				5BABB719E01BF5DA65121818 /* PagedResult.swift */,
				18A990B8501A0DA0715C7326 /* PriceColorMode.swift */,
				86BD69FA22052B03D02EFCD1 /* QuoteCurrency.swift */,
				0A380BE2B8D5C0AAC816B247 /* Ticker.swift */,
			);
			path = Models;
			sourceTree = "<group>";
		};
/* End PBXGroup section */

/* Begin PBXNativeTarget section */
		7734F0F3C4306C9CCC30A4BD /* CryptoTrack_macOS */ = {
			isa = PBXNativeTarget;
			buildConfigurationList = 29C64AE304ED43C560768D1D /* Build configuration list for PBXNativeTarget "CryptoTrack_macOS" */;
			buildPhases = (
				0D176A78BBEBA73701E54EFA /* Sources */,
				840AA7E5C9FF13A662DDC8A3 /* Resources */,
			);
			buildRules = (
			);
			dependencies = (
			);
			name = CryptoTrack_macOS;
			packageProductDependencies = (
			);
			productName = CryptoTrack_macOS;
			productReference = 81CBEA1D951A4B51950D02BC /* CryptoTrack.app */;
			productType = "com.apple.product-type.application";
		};
		CB93EEE36D85418F1294F168 /* CryptoTrack_iOS */ = {
			isa = PBXNativeTarget;
			buildConfigurationList = 05BC665D73E9092F466332B9 /* Build configuration list for PBXNativeTarget "CryptoTrack_iOS" */;
			buildPhases = (
				F39424803AE0D57497EEE671 /* Sources */,
				8D7609CAC4169AE26B3AB336 /* Resources */,
			);
			buildRules = (
			);
			dependencies = (
			);
			name = CryptoTrack_iOS;
			packageProductDependencies = (
			);
			productName = CryptoTrack_iOS;
			productReference = 75469FAFD9005DCCF734F4DC /* CryptoTrack.app */;
			productType = "com.apple.product-type.application";
		};
		E469DF3BB0F7E757BABD8753 /* CryptoTrackTests_macOS */ = {
			isa = PBXNativeTarget;
			buildConfigurationList = 79A921D0E7F8B54665D8D9F2 /* Build configuration list for PBXNativeTarget "CryptoTrackTests_macOS" */;
			buildPhases = (
				10449EB9DDD1100F0A48BC57 /* Sources */,
			);
			buildRules = (
			);
			dependencies = (
				8FBD11D82F3E4D67453FFA5D /* PBXTargetDependency */,
			);
			name = CryptoTrackTests_macOS;
			packageProductDependencies = (
			);
			productName = CryptoTrackTests_macOS;
			productReference = BA2CAA21B386C7436E45BEB9 /* CryptoTrackTests_macOS.xctest */;
			productType = "com.apple.product-type.bundle.unit-test";
		};
		F131708EBAEF8276EAC49557 /* CryptoTrackTests_iOS */ = {
			isa = PBXNativeTarget;
			buildConfigurationList = 393C9E7985A30CD8994C8A27 /* Build configuration list for PBXNativeTarget "CryptoTrackTests_iOS" */;
			buildPhases = (
				0E3AC340EEA7F5DAA90DF97D /* Sources */,
			);
			buildRules = (
			);
			dependencies = (
				059967D1FE365CAA5A2FFB81 /* PBXTargetDependency */,
			);
			name = CryptoTrackTests_iOS;
			packageProductDependencies = (
			);
			productName = CryptoTrackTests_iOS;
			productReference = 36D1A276D14EC9BBCFFA2888 /* CryptoTrackTests_iOS.xctest */;
			productType = "com.apple.product-type.bundle.unit-test";
		};
/* End PBXNativeTarget section */

/* Begin PBXProject section */
		A9AFFCA1A6DAEDB2BDB391A4 /* Project object */ = {
			isa = PBXProject;
			attributes = {
				BuildIndependentTargetsInParallel = YES;
				LastUpgradeCheck = 1600;
				TargetAttributes = {
					7734F0F3C4306C9CCC30A4BD = {
						ProvisioningStyle = Automatic;
					};
					CB93EEE36D85418F1294F168 = {
						ProvisioningStyle = Automatic;
					};
				};
			};
			buildConfigurationList = 3185B67B91D5D0B42AB79C12 /* Build configuration list for PBXProject "CryptoTrack" */;
			developmentRegion = en;
			hasScannedForEncodings = 0;
			knownRegions = (
				Base,
				en,
			);
			mainGroup = 0C02421D763689D07103A629;
			minimizedProjectReferenceProxies = 1;
			preferredProjectObjectVersion = 77;
			productRefGroup = 1994F1769C36FD809D61F4D5 /* Products */;
			projectDirPath = "";
			projectRoot = "";
			targets = (
				F131708EBAEF8276EAC49557 /* CryptoTrackTests_iOS */,
				E469DF3BB0F7E757BABD8753 /* CryptoTrackTests_macOS */,
				CB93EEE36D85418F1294F168 /* CryptoTrack_iOS */,
				7734F0F3C4306C9CCC30A4BD /* CryptoTrack_macOS */,
			);
		};
/* End PBXProject section */

/* Begin PBXResourcesBuildPhase section */
		840AA7E5C9FF13A662DDC8A3 /* Resources */ = {
			isa = PBXResourcesBuildPhase;
			buildActionMask = 2147483647;
			files = (
				D17B0299F6DC4CBB02133486 /* CryptoTrack.entitlements.bak in Resources */,
			);
			runOnlyForDeploymentPostprocessing = 0;
		};
		8D7609CAC4169AE26B3AB336 /* Resources */ = {
			isa = PBXResourcesBuildPhase;
			buildActionMask = 2147483647;
			files = (
				CA80EF27A683E13BFF089A68 /* CryptoTrack.entitlements.bak in Resources */,
			);
			runOnlyForDeploymentPostprocessing = 0;
		};
/* End PBXResourcesBuildPhase section */

/* Begin PBXSourcesBuildPhase section */
		0D176A78BBEBA73701E54EFA /* Sources */ = {
			isa = PBXSourcesBuildPhase;
			buildActionMask = 2147483647;
			files = (
				B5A74FB2AD7AC94A06A5E186 /* APIKeyGuideView.swift in Sources */,
				45DED8CE4C279202AE79DCF1 /* AppLockManager.swift in Sources */,
				561425FA0844E8337E91E5ED /* AppSettings.swift in Sources */,
				84422F0DB21BD117C4EF0919 /* AppSettingsManager.swift in Sources */,
				D1F01C198F1DCE33FE1D1A0C /* Asset.swift in Sources */,
				B928177FC68D0BC9F29AF8A3 /* AssetRow.swift in Sources */,
				C1459737EA3473519873308E /* AssetRowView.swift in Sources */,
				3334B8AF5CEE0CD88A9E0529 /* BinanceAuthenticator.swift in Sources */,
				1DAE3B5B754BB09951129428 /* BinanceModels.swift in Sources */,
				9F2B4DB3DE1CAD6714C06B17 /* BinanceService.swift in Sources */,
				8F67491E187C6A3148588AF4 /* BiometricAuthService.swift in Sources */,
				CFFD02CF8C206B97CB4885D7 /* BithumbAuthenticator.swift in Sources */,
				1F202936D8949DC369511FE7 /* BithumbModels.swift in Sources */,
				6B8C4D40C08BB36B72834C13 /* BithumbService.swift in Sources */,
				813DF19805F5CA0D00287738 /* BybitAuthenticator.swift in Sources */,
				D1CC2F26AA40307AC4444772 /* BybitModels.swift in Sources */,
				C6F9685CE0B73E5C4C931B40 /* BybitService.swift in Sources */,
				AD99B2610935A92FF8ED44F7 /* CandlestickCanvas.swift in Sources */,
				40186E54D402D8996280A5F2 /* CandlestickChartView.swift in Sources */,
				24E0B07711370F457D6276F7 /* ChartDataManager.swift in Sources */,
				67D1CC35B2B89B4302350516 /* ChartDrawing.swift in Sources */,
				82444F479BFD12E9C8AD6046 /* ChartViewModel.swift in Sources */,
				E6BAE14CE8BFD2A79AC049A0 /* CloudSyncService.swift in Sources */,
				8C986F7E571D170C2BD4E345 /* CoinoneAuthenticator.swift in Sources */,
				8F1C462AA011D9B6D252DFEE /* CoinoneModels.swift in Sources */,
				51C7F939F4C7ADFDC31C617D /* CoinoneService.swift in Sources */,
				A5291BCFC5C18B38807D2C98 /* ContentView.swift in Sources */,
				5482FDC423059B01418614ED /* CrosshairOverlayView.swift in Sources */,
				0BC504FBC24C21A41E373C8C /* CryptoTrackApp.swift in Sources */,
				70A58A3309621338DE228847 /* DashboardView.swift in Sources */,
				9802CCA484054E0D792585DE /* DashboardViewModel.swift in Sources */,
				00DFECF5401AE90285BE83D6 /* Deposit.swift in Sources */,
				09A3DF5976AD2C9F9E2CCF70 /* DepositListView.swift in Sources */,
				BBD0216C51A41D71E5C84675 /* DrawingCanvas.swift in Sources */,
				D7A965E1F529172FFE19A552 /* DrawingStorageService.swift in Sources */,
				39F36A2E9D39D832AE69E586 /* DrawingSyncService.swift in Sources */,
				707285F0E5DA545CCFA6B7D0 /* DrawingToolbarView.swift in Sources */,
				F1AC694A679F459927652449 /* DrawingViewModel.swift in Sources */,
				AF9817B1819304DF74D5F7C1 /* ExchangeFilter.swift in Sources */,
				54765F0F5CA662C0CEEC67F8 /* ExchangeGuide.swift in Sources */,
				7AC8C21F964A0AEBC4757585 /* ExchangeManager.swift in Sources */,
				E772E9453227699A6FF285AA /* ExchangeService.swift in Sources */,
				46D0931E743893778DE89C8E /* ExchangeSetupView.swift in Sources */,
				051A81CB3C4B40C6C5379B00 /* Indicator.swift in Sources */,
				FE17C2C2A43616236A8EBA0E /* IndicatorCalculator.swift in Sources */,
				0B5E04C7439ACE7E89B5B8BB /* IndicatorOverlayCanvas.swift in Sources */,
				DB6760635C1422AD221E51B2 /* IndicatorPickerView.swift in Sources */,
				A2F495AF5AA4EEA031017126 /* IndicatorSubPanelCanvas.swift in Sources */,
				D47961C7D97EB4EF64626B04 /* KeychainService.swift in Sources */,
				E5004DEA4B1F7A557F13C005 /* Kline.swift in Sources */,
				E62D0CA074F92B94E7ECA454 /* KorbitAuthenticator.swift in Sources */,
				BB3AAFC2EFC6EA87B2D6F195 /* KorbitModels.swift in Sources */,
				1DB47048C90F14A2DA7611FF /* KorbitService.swift in Sources */,
				D95C8F7CC1D37B8388AFE97C /* LockScreenView.swift in Sources */,
				4936C7EA8C2813D9508AB69B /* OKXAuthenticator.swift in Sources */,
				D2ADFD6A68D806FB79F13C63 /* OKXModels.swift in Sources */,
				BA79881312796B6CF28D8A0F /* OKXService.swift in Sources */,
				CA387125A6EF1EFA67449A26 /* Order.swift in Sources */,
				604B9C6EF09BA0275919DFD5 /* OrderListView.swift in Sources */,
				5F64DA9FDCB3B76AEAF0709A /* PagedResult.swift in Sources */,
				C8CD9550808FD21AEDF225ED /* PlatformAdaptiveLayout.swift in Sources */,
				1C308663E6FEB4F1FCD5395A /* PortfolioSummaryView.swift in Sources */,
				F5AB55E91F6A5AD044C18B44 /* PriceColor.swift in Sources */,
				56297328F5D62918B0B61E64 /* PriceColorMode.swift in Sources */,
				8BD9CD92C03A1127AFF007BA /* PriceFormatter.swift in Sources */,
				E7BAC3B7460072442D5C3818 /* QuoteCurrency.swift in Sources */,
				0274F4CD608F2A713F1AD1C6 /* SettingsView.swift in Sources */,
				FB0BE85E7B159CB2BF233A68 /* SettingsViewModel.swift in Sources */,
				47C9B8D8810B513559FDD24E /* Theme.swift in Sources */,
				DCD03C9B9065B4E565482D37 /* Ticker.swift in Sources */,
				DC1A382321BC37999D150D11 /* TimeframePickerView.swift in Sources */,
				0747A6D21BD002CAD0142C42 /* TransactionHistoryView.swift in Sources */,
				FB3945064DDE64C709C6B414 /* TransactionHistoryViewModel.swift in Sources */,
				13C07F479E2B4FFAA0CD976C /* UpbitAuthenticator.swift in Sources */,
				015060CDB3630B368B305AD7 /* UpbitModels.swift in Sources */,
				8F9127AA55E3231BCE5F897B /* UpbitService.swift in Sources */,
				5B55CD0CFC63A1DFA13EA416 /* ViewModifiers.swift in Sources */,
				2D6EAD059902F121E1197C59 /* VolumeBarCanvas.swift in Sources */,
			);
			runOnlyForDeploymentPostprocessing = 0;
		};
		0E3AC340EEA7F5DAA90DF97D /* Sources */ = {
			isa = PBXSourcesBuildPhase;
			buildActionMask = 2147483647;
			files = (
				6E2D2188DE723F7D6F4C20B8 /* ExchangeManagerTests.swift in Sources */,
				3545122DD543B52CE0C4060E /* KeychainServiceTests.swift in Sources */,
				E1E072307C92DD67D053808C /* ModelTests.swift in Sources */,
			);
			runOnlyForDeploymentPostprocessing = 0;
		};
		10449EB9DDD1100F0A48BC57 /* Sources */ = {
			isa = PBXSourcesBuildPhase;
			buildActionMask = 2147483647;
			files = (
				5C2A87F45A99E2F89ADB7F0D /* ExchangeManagerTests.swift in Sources */,
				D9A485C2F2B2E7F23EBD8EE1 /* KeychainServiceTests.swift in Sources */,
				C571460A82C1A8A8559A4FD7 /* ModelTests.swift in Sources */,
			);
			runOnlyForDeploymentPostprocessing = 0;
		};
		F39424803AE0D57497EEE671 /* Sources */ = {
			isa = PBXSourcesBuildPhase;
			buildActionMask = 2147483647;
			files = (
				85EC2C97085BF668654A70EC /* APIKeyGuideView.swift in Sources */,
				861F85EA05EC1695DE051E9F /* AppLockManager.swift in Sources */,
				B619BBDF81714BD338E0CBB4 /* AppSettings.swift in Sources */,
				DC00C07A662CE706AC300D26 /* AppSettingsManager.swift in Sources */,
				A320FF6F48E111326B977724 /* Asset.swift in Sources */,
				B18330A0C01C2B3D441F9638 /* AssetRow.swift in Sources */,
				0D7E7B30C4252603D2B8298B /* AssetRowView.swift in Sources */,
				797846C2A4C595B57C553CC9 /* BinanceAuthenticator.swift in Sources */,
				18B4D92FAA6FBCD19099DE9F /* BinanceModels.swift in Sources */,
				4727A59A686EFBF178B75134 /* BinanceService.swift in Sources */,
				BF293FE77E42D574D15423F4 /* BiometricAuthService.swift in Sources */,
				9C1FAF37269967BAC68147AE /* BithumbAuthenticator.swift in Sources */,
				DFFF1464876305AA8244E9CF /* BithumbModels.swift in Sources */,
				6CB5D63B23DC96E0AB198372 /* BithumbService.swift in Sources */,
				1437BAF292408FCE23692858 /* BybitAuthenticator.swift in Sources */,
				CF2ADC3506F3439CDC1A2DC5 /* BybitModels.swift in Sources */,
				A8B83B1C68CBC677554B956C /* BybitService.swift in Sources */,
				FA826ECCDED02816ADB3E955 /* CandlestickCanvas.swift in Sources */,
				D836B238BD3C25EC0E2E3538 /* CandlestickChartView.swift in Sources */,
				3819CC63F4D072B7E88EE4AD /* ChartDataManager.swift in Sources */,
				26A16AC1057994EFDD2A6163 /* ChartDrawing.swift in Sources */,
				59EDEBCFED06D49D0138533C /* ChartViewModel.swift in Sources */,
				D3394F200ED85662DB62EB7B /* CloudSyncService.swift in Sources */,
				631ECD27BD26DF740F384567 /* CoinoneAuthenticator.swift in Sources */,
				1C7567C75552FB525EA1C986 /* CoinoneModels.swift in Sources */,
				C822FB5F4E23F7ADAFF7DE32 /* CoinoneService.swift in Sources */,
				E3846FD217ABE3F877BE0DB5 /* ContentView.swift in Sources */,
				ABCFBB0E82361CD5292D66A1 /* CrosshairOverlayView.swift in Sources */,
				81C0D4C538C81B420987AAAD /* CryptoTrackApp.swift in Sources */,
				91034B5796142A177D3CD5A3 /* DashboardView.swift in Sources */,
				B30708FD724C5D21D82E38EB /* DashboardViewModel.swift in Sources */,
				9DD6AF5497B9673B9335BD82 /* Deposit.swift in Sources */,
				5C231CEF3B2189B62F536F27 /* DepositListView.swift in Sources */,
				F5003537F432F980A1FACEA6 /* DrawingCanvas.swift in Sources */,
				2ED7655AE5504CA35E0151B8 /* DrawingStorageService.swift in Sources */,
				D279040AB24A06FEC34A9F79 /* DrawingSyncService.swift in Sources */,
				CCAEA9D0D34B8ABD6C3059CF /* DrawingToolbarView.swift in Sources */,
				02EE5B557E66DEDEDB7AE247 /* DrawingViewModel.swift in Sources */,
				EC1F619197D6D154A4E83429 /* ExchangeFilter.swift in Sources */,
				FC1476EF3CE1BF44ED449C81 /* ExchangeGuide.swift in Sources */,
				6AFD99701C9764E7A493AECB /* ExchangeManager.swift in Sources */,
				C5D5D87BFFBE42F86268DCCC /* ExchangeService.swift in Sources */,
				6E0010687169DF56F915E388 /* ExchangeSetupView.swift in Sources */,
				8E8C9B34E942D0D5D68254BF /* Indicator.swift in Sources */,
				79B82F4C460AF7BCEE3E2B34 /* IndicatorCalculator.swift in Sources */,
				16899562332A724069A6E2EA /* IndicatorOverlayCanvas.swift in Sources */,
				83073A2A9407495B55EE3B7D /* IndicatorPickerView.swift in Sources */,
				D6FCDCD9E74BF568FD35BA35 /* IndicatorSubPanelCanvas.swift in Sources */,
				64A0FC0AD467B15C7E31D02C /* KeychainService.swift in Sources */,
				1F8985F711BE22D21DF6BB35 /* Kline.swift in Sources */,
				42DC072FDEB613594FE1DAB4 /* KorbitAuthenticator.swift in Sources */,
				CAD28FF7F5D1597B4449F942 /* KorbitModels.swift in Sources */,
				C1DF507A6895A095F17AE1CF /* KorbitService.swift in Sources */,
				441B1056B75F5E7233770C6B /* LockScreenView.swift in Sources */,
				D40533D3897A66C7B98BE3BD /* OKXAuthenticator.swift in Sources */,
				6D871484572C35CACC3BE3CD /* OKXModels.swift in Sources */,
				78314D75E5843AD28F1C6301 /* OKXService.swift in Sources */,
				B647ADFE49A4E91B47424D8B /* Order.swift in Sources */,
				3A450B9D8ED2029C82DE44C8 /* OrderListView.swift in Sources */,
				4F852D6F0C37CC2CD23393C4 /* PagedResult.swift in Sources */,
				3B6AC4E1A4FD352FF24637FD /* PlatformAdaptiveLayout.swift in Sources */,
				EF0FFB3E3AEB7ABB72CF2458 /* PortfolioSummaryView.swift in Sources */,
				5DCCB147E18CAD6242BFC343 /* PriceColor.swift in Sources */,
				C3D251CC911C45F3C80EDB04 /* PriceColorMode.swift in Sources */,
				821EFAEF24BAD7F434C4E5BC /* PriceFormatter.swift in Sources */,
				FE0C60CE83A9FA02C886A49B /* QuoteCurrency.swift in Sources */,
				1F445143D4A9761684A31625 /* SettingsView.swift in Sources */,
				25EC7D45B325380F2B1BCE24 /* SettingsViewModel.swift in Sources */,
				2578F560529BF09A07970277 /* Theme.swift in Sources */,
				6CAB3C9B0D2E611F0DACB7BC /* Ticker.swift in Sources */,
				EFD355061F259F180EF2A2CE /* TimeframePickerView.swift in Sources */,
				9DE680A5F72D56EA73679F58 /* TransactionHistoryView.swift in Sources */,
				7D96A76F917033C4C25F594A /* TransactionHistoryViewModel.swift in Sources */,
				E690237C16CA89D583DDB9C1 /* UpbitAuthenticator.swift in Sources */,
				A2E4CBC4C272E55B737F430E /* UpbitModels.swift in Sources */,
				A9CDD485BC0B104FD906A05D /* UpbitService.swift in Sources */,
				3DD4706ED1DEE53EC9680019 /* ViewModifiers.swift in Sources */,
				8223A42ABDACB908D27E11A7 /* VolumeBarCanvas.swift in Sources */,
			);
			runOnlyForDeploymentPostprocessing = 0;
		};
/* End PBXSourcesBuildPhase section */

/* Begin PBXTargetDependency section */
		059967D1FE365CAA5A2FFB81 /* PBXTargetDependency */ = {
			isa = PBXTargetDependency;
			target = CB93EEE36D85418F1294F168 /* CryptoTrack_iOS */;
			targetProxy = C4048190C537B4BDD6587A5B /* PBXContainerItemProxy */;
		};
		8FBD11D82F3E4D67453FFA5D /* PBXTargetDependency */ = {
			isa = PBXTargetDependency;
			target = 7734F0F3C4306C9CCC30A4BD /* CryptoTrack_macOS */;
			targetProxy = 3EA43A5B06B7663DE66BB256 /* PBXContainerItemProxy */;
		};
/* End PBXTargetDependency section */

/* Begin XCBuildConfiguration section */
		15E70BE816F96A562EDFB075 /* Debug */ = {
			isa = XCBuildConfiguration;
			buildSettings = {
				BUNDLE_LOADER = "$(TEST_HOST)";
				GENERATE_INFOPLIST_FILE = YES;
				LD_RUNPATH_SEARCH_PATHS = (
					"$(inherited)",
					"@executable_path/Frameworks",
					"@loader_path/Frameworks",
				);
				PRODUCT_BUNDLE_IDENTIFIER = com.cryptotrack.tests;
				SDKROOT = iphoneos;
				TARGETED_DEVICE_FAMILY = "1,2";
				TEST_HOST = "$(BUILT_PRODUCTS_DIR)/CryptoTrack.app/CryptoTrack";
			};
			name = Debug;
		};
		391222E2A9550236E4BC312C /* Release */ = {
			isa = XCBuildConfiguration;
			buildSettings = {
				ALWAYS_SEARCH_USER_PATHS = NO;
				CLANG_ANALYZER_NONNULL = YES;
				CLANG_ANALYZER_NUMBER_OBJECT_CONVERSION = YES_AGGRESSIVE;
				CLANG_CXX_LANGUAGE_STANDARD = "gnu++14";
				CLANG_CXX_LIBRARY = "libc++";
				CLANG_ENABLE_MODULES = YES;
				CLANG_ENABLE_OBJC_ARC = YES;
				CLANG_ENABLE_OBJC_WEAK = YES;
				CLANG_WARN_BLOCK_CAPTURE_AUTORELEASING = YES;
				CLANG_WARN_BOOL_CONVERSION = YES;
				CLANG_WARN_COMMA = YES;
				CLANG_WARN_CONSTANT_CONVERSION = YES;
				CLANG_WARN_DEPRECATED_OBJC_IMPLEMENTATIONS = YES;
				CLANG_WARN_DIRECT_OBJC_ISA_USAGE = YES_ERROR;
				CLANG_WARN_DOCUMENTATION_COMMENTS = YES;
				CLANG_WARN_EMPTY_BODY = YES;
				CLANG_WARN_ENUM_CONVERSION = YES;
				CLANG_WARN_INFINITE_RECURSION = YES;
				CLANG_WARN_INT_CONVERSION = YES;
				CLANG_WARN_NON_LITERAL_NULL_CONVERSION = YES;
				CLANG_WARN_OBJC_IMPLICIT_RETAIN_SELF = YES;
				CLANG_WARN_OBJC_LITERAL_CONVERSION = YES;
				CLANG_WARN_OBJC_ROOT_CLASS = YES_ERROR;
				CLANG_WARN_QUOTED_INCLUDE_IN_FRAMEWORK_HEADER = YES;
				CLANG_WARN_RANGE_LOOP_ANALYSIS = YES;
				CLANG_WARN_STRICT_PROTOTYPES = YES;
				CLANG_WARN_SUSPICIOUS_MOVE = YES;
				CLANG_WARN_UNGUARDED_AVAILABILITY = YES_AGGRESSIVE;
				CLANG_WARN_UNREACHABLE_CODE = YES;
				CLANG_WARN__DUPLICATE_METHOD_MATCH = YES;
				COPY_PHASE_STRIP = NO;
				DEBUG_INFORMATION_FORMAT = "dwarf-with-dsym";
				ENABLE_NS_ASSERTIONS = NO;
				ENABLE_STRICT_OBJC_MSGSEND = YES;
				ENABLE_USER_SCRIPT_SANDBOXING = YES;
				GCC_C_LANGUAGE_STANDARD = gnu11;
				GCC_NO_COMMON_BLOCKS = YES;
				GCC_WARN_64_TO_32_BIT_CONVERSION = YES;
				GCC_WARN_ABOUT_RETURN_TYPE = YES_ERROR;
				GCC_WARN_UNDECLARED_SELECTOR = YES;
				GCC_WARN_UNINITIALIZED_AUTOS = YES_AGGRESSIVE;
				GCC_WARN_UNUSED_FUNCTION = YES;
				GCC_WARN_UNUSED_VARIABLE = YES;
				IPHONEOS_DEPLOYMENT_TARGET = 17.0;
				MACOSX_DEPLOYMENT_TARGET = 14.0;
				MTL_ENABLE_DEBUG_INFO = NO;
				MTL_FAST_MATH = YES;
				PRODUCT_NAME = "$(TARGET_NAME)";
				SWIFT_COMPILATION_MODE = wholemodule;
				SWIFT_OPTIMIZATION_LEVEL = "-O";
				SWIFT_VERSION = 6.0;
			};
			name = Release;
		};
		3D158D076C11B132A7C21F4B /* Release */ = {
			isa = XCBuildConfiguration;
			buildSettings = {
				BUNDLE_LOADER = "$(TEST_HOST)";
				COMBINE_HIDPI_IMAGES = YES;
				GENERATE_INFOPLIST_FILE = YES;
				LD_RUNPATH_SEARCH_PATHS = (
					"$(inherited)",
					"@executable_path/../Frameworks",
					"@loader_path/../Frameworks",
				);
				PRODUCT_BUNDLE_IDENTIFIER = com.cryptotrack.tests;
				SDKROOT = macosx;
				TEST_HOST = "$(BUILT_PRODUCTS_DIR)/CryptoTrack.app/Contents/MacOS/CryptoTrack";
			};
			name = Release;
		};
		59E5F3A46DAA999A6E0DC9D2 /* Release */ = {
			isa = XCBuildConfiguration;
			buildSettings = {
				BUNDLE_LOADER = "$(TEST_HOST)";
				GENERATE_INFOPLIST_FILE = YES;
				LD_RUNPATH_SEARCH_PATHS = (
					"$(inherited)",
					"@executable_path/Frameworks",
					"@loader_path/Frameworks",
				);
				PRODUCT_BUNDLE_IDENTIFIER = com.cryptotrack.tests;
				SDKROOT = iphoneos;
				TARGETED_DEVICE_FAMILY = "1,2";
				TEST_HOST = "$(BUILT_PRODUCTS_DIR)/CryptoTrack.app/CryptoTrack";
			};
			name = Release;
		};
		68A134A4F81412CD52BF3019 /* Release */ = {
			isa = XCBuildConfiguration;
			buildSettings = {
				ASSETCATALOG_COMPILER_APPICON_NAME = AppIcon;
				CODE_SIGN_IDENTITY = "-";
				CODE_SIGN_STYLE = Automatic;
				COMBINE_HIDPI_IMAGES = YES;
				CURRENT_PROJECT_VERSION = 1;
				GENERATE_INFOPLIST_FILE = YES;
				INFOPLIST_GENERATION_MODE = GeneratedFile;
				INFOPLIST_KEY_NSFaceIDUsageDescription = "앱 잠금 해제를 위해 Face ID를 사용합니다.";
				LD_RUNPATH_SEARCH_PATHS = (
					"$(inherited)",
					"@executable_path/../Frameworks",
				);
				MARKETING_VERSION = 0.1.0;
				PRODUCT_BUNDLE_IDENTIFIER = com.cryptotrack.app;
				PRODUCT_NAME = CryptoTrack;
				SDKROOT = macosx;
				SWIFT_COMPILATION_MODE = wholemodule;
				SWIFT_EMIT_LOC_STRINGS = YES;
			};
			name = Release;
		};
		739F62AB1B8DF707AD4D3EA7 /* Debug */ = {
			isa = XCBuildConfiguration;
			buildSettings = {
				ASSETCATALOG_COMPILER_APPICON_NAME = AppIcon;
				CODE_SIGN_IDENTITY = "-";
				CODE_SIGN_STYLE = Automatic;
				CURRENT_PROJECT_VERSION = 1;
				GENERATE_INFOPLIST_FILE = YES;
				INFOPLIST_GENERATION_MODE = GeneratedFile;
				INFOPLIST_KEY_NSFaceIDUsageDescription = "앱 잠금 해제를 위해 Face ID를 사용합니다.";
				LD_RUNPATH_SEARCH_PATHS = (
					"$(inherited)",
					"@executable_path/Frameworks",
				);
				MARKETING_VERSION = 0.1.0;
				PRODUCT_BUNDLE_IDENTIFIER = com.cryptotrack.app;
				PRODUCT_NAME = CryptoTrack;
				SDKROOT = iphoneos;
				SWIFT_ACTIVE_COMPILATION_CONDITIONS = DEBUG;
				SWIFT_EMIT_LOC_STRINGS = YES;
				TARGETED_DEVICE_FAMILY = "1,2";
			};
			name = Debug;
		};
		867D8101F3816EF10E1A6C00 /* Debug */ = {
			isa = XCBuildConfiguration;
			buildSettings = {
				ALWAYS_SEARCH_USER_PATHS = NO;
				CLANG_ANALYZER_NONNULL = YES;
				CLANG_ANALYZER_NUMBER_OBJECT_CONVERSION = YES_AGGRESSIVE;
				CLANG_CXX_LANGUAGE_STANDARD = "gnu++14";
				CLANG_CXX_LIBRARY = "libc++";
				CLANG_ENABLE_MODULES = YES;
				CLANG_ENABLE_OBJC_ARC = YES;
				CLANG_ENABLE_OBJC_WEAK = YES;
				CLANG_WARN_BLOCK_CAPTURE_AUTORELEASING = YES;
				CLANG_WARN_BOOL_CONVERSION = YES;
				CLANG_WARN_COMMA = YES;
				CLANG_WARN_CONSTANT_CONVERSION = YES;
				CLANG_WARN_DEPRECATED_OBJC_IMPLEMENTATIONS = YES;
				CLANG_WARN_DIRECT_OBJC_ISA_USAGE = YES_ERROR;
				CLANG_WARN_DOCUMENTATION_COMMENTS = YES;
				CLANG_WARN_EMPTY_BODY = YES;
				CLANG_WARN_ENUM_CONVERSION = YES;
				CLANG_WARN_INFINITE_RECURSION = YES;
				CLANG_WARN_INT_CONVERSION = YES;
				CLANG_WARN_NON_LITERAL_NULL_CONVERSION = YES;
				CLANG_WARN_OBJC_IMPLICIT_RETAIN_SELF = YES;
				CLANG_WARN_OBJC_LITERAL_CONVERSION = YES;
				CLANG_WARN_OBJC_ROOT_CLASS = YES_ERROR;
				CLANG_WARN_QUOTED_INCLUDE_IN_FRAMEWORK_HEADER = YES;
				CLANG_WARN_RANGE_LOOP_ANALYSIS = YES;
				CLANG_WARN_STRICT_PROTOTYPES = YES;
				CLANG_WARN_SUSPICIOUS_MOVE = YES;
				CLANG_WARN_UNGUARDED_AVAILABILITY = YES_AGGRESSIVE;
				CLANG_WARN_UNREACHABLE_CODE = YES;
				CLANG_WARN__DUPLICATE_METHOD_MATCH = YES;
				COPY_PHASE_STRIP = NO;
				DEBUG_INFORMATION_FORMAT = dwarf;
				ENABLE_STRICT_OBJC_MSGSEND = YES;
				ENABLE_TESTABILITY = YES;
				ENABLE_USER_SCRIPT_SANDBOXING = YES;
				GCC_C_LANGUAGE_STANDARD = gnu11;
				GCC_DYNAMIC_NO_PIC = NO;
				GCC_NO_COMMON_BLOCKS = YES;
				GCC_OPTIMIZATION_LEVEL = 0;
				GCC_PREPROCESSOR_DEFINITIONS = (
					"$(inherited)",
					"DEBUG=1",
				);
				GCC_WARN_64_TO_32_BIT_CONVERSION = YES;
				GCC_WARN_ABOUT_RETURN_TYPE = YES_ERROR;
				GCC_WARN_UNDECLARED_SELECTOR = YES;
				GCC_WARN_UNINITIALIZED_AUTOS = YES_AGGRESSIVE;
				GCC_WARN_UNUSED_FUNCTION = YES;
				GCC_WARN_UNUSED_VARIABLE = YES;
				IPHONEOS_DEPLOYMENT_TARGET = 17.0;
				MACOSX_DEPLOYMENT_TARGET = 14.0;
				MTL_ENABLE_DEBUG_INFO = INCLUDE_SOURCE;
				MTL_FAST_MATH = YES;
				ONLY_ACTIVE_ARCH = YES;
				PRODUCT_NAME = "$(TARGET_NAME)";
				SWIFT_ACTIVE_COMPILATION_CONDITIONS = DEBUG;
				SWIFT_OPTIMIZATION_LEVEL = "-Onone";
				SWIFT_VERSION = 6.0;
			};
			name = Debug;
		};
		C57F1289932BF451CC6DD06A /* Debug */ = {
			isa = XCBuildConfiguration;
			buildSettings = {
				ASSETCATALOG_COMPILER_APPICON_NAME = AppIcon;
				CODE_SIGN_IDENTITY = "-";
				CODE_SIGN_STYLE = Automatic;
				COMBINE_HIDPI_IMAGES = YES;
				CURRENT_PROJECT_VERSION = 1;
				GENERATE_INFOPLIST_FILE = YES;
				INFOPLIST_GENERATION_MODE = GeneratedFile;
				INFOPLIST_KEY_NSFaceIDUsageDescription = "앱 잠금 해제를 위해 Face ID를 사용합니다.";
				LD_RUNPATH_SEARCH_PATHS = (
					"$(inherited)",
					"@executable_path/../Frameworks",
				);
				MARKETING_VERSION = 0.1.0;
				PRODUCT_BUNDLE_IDENTIFIER = com.cryptotrack.app;
				PRODUCT_NAME = CryptoTrack;
				SDKROOT = macosx;
				SWIFT_ACTIVE_COMPILATION_CONDITIONS = DEBUG;
				SWIFT_EMIT_LOC_STRINGS = YES;
			};
			name = Debug;
		};
		CF6ABD91BBC321A8AA3D2572 /* Release */ = {
			isa = XCBuildConfiguration;
			buildSettings = {
				ASSETCATALOG_COMPILER_APPICON_NAME = AppIcon;
				CODE_SIGN_IDENTITY = "-";
				CODE_SIGN_STYLE = Automatic;
				CURRENT_PROJECT_VERSION = 1;
				GENERATE_INFOPLIST_FILE = YES;
				INFOPLIST_GENERATION_MODE = GeneratedFile;
				INFOPLIST_KEY_NSFaceIDUsageDescription = "앱 잠금 해제를 위해 Face ID를 사용합니다.";
				LD_RUNPATH_SEARCH_PATHS = (
					"$(inherited)",
					"@executable_path/Frameworks",
				);
				MARKETING_VERSION = 0.1.0;
				PRODUCT_BUNDLE_IDENTIFIER = com.cryptotrack.app;
				PRODUCT_NAME = CryptoTrack;
				SDKROOT = iphoneos;
				SWIFT_COMPILATION_MODE = wholemodule;
				SWIFT_EMIT_LOC_STRINGS = YES;
				TARGETED_DEVICE_FAMILY = "1,2";
			};
			name = Release;
		};
		D97BECCEAE3A0892C7813E07 /* Debug */ = {
			isa = XCBuildConfiguration;
			buildSettings = {
				BUNDLE_LOADER = "$(TEST_HOST)";
				COMBINE_HIDPI_IMAGES = YES;
				GENERATE_INFOPLIST_FILE = YES;
				LD_RUNPATH_SEARCH_PATHS = (
					"$(inherited)",
					"@executable_path/../Frameworks",
					"@loader_path/../Frameworks",
				);
				PRODUCT_BUNDLE_IDENTIFIER = com.cryptotrack.tests;
				SDKROOT = macosx;
				TEST_HOST = "$(BUILT_PRODUCTS_DIR)/CryptoTrack.app/Contents/MacOS/CryptoTrack";
			};
			name = Debug;
		};
/* End XCBuildConfiguration section */

/* Begin XCConfigurationList section */
		05BC665D73E9092F466332B9 /* Build configuration list for PBXNativeTarget "CryptoTrack_iOS" */ = {
			isa = XCConfigurationList;
			buildConfigurations = (
				739F62AB1B8DF707AD4D3EA7 /* Debug */,
				CF6ABD91BBC321A8AA3D2572 /* Release */,
			);
			defaultConfigurationIsVisible = 0;
			defaultConfigurationName = Debug;
		};
		29C64AE304ED43C560768D1D /* Build configuration list for PBXNativeTarget "CryptoTrack_macOS" */ = {
			isa = XCConfigurationList;
			buildConfigurations = (
				C57F1289932BF451CC6DD06A /* Debug */,
				68A134A4F81412CD52BF3019 /* Release */,
			);
			defaultConfigurationIsVisible = 0;
			defaultConfigurationName = Debug;
		};
		3185B67B91D5D0B42AB79C12 /* Build configuration list for PBXProject "CryptoTrack" */ = {
			isa = XCConfigurationList;
			buildConfigurations = (
				867D8101F3816EF10E1A6C00 /* Debug */,
				391222E2A9550236E4BC312C /* Release */,
			);
			defaultConfigurationIsVisible = 0;
			defaultConfigurationName = Debug;
		};
		393C9E7985A30CD8994C8A27 /* Build configuration list for PBXNativeTarget "CryptoTrackTests_iOS" */ = {
			isa = XCConfigurationList;
			buildConfigurations = (
				15E70BE816F96A562EDFB075 /* Debug */,
				59E5F3A46DAA999A6E0DC9D2 /* Release */,
			);
			defaultConfigurationIsVisible = 0;
			defaultConfigurationName = Debug;
		};
		79A921D0E7F8B54665D8D9F2 /* Build configuration list for PBXNativeTarget "CryptoTrackTests_macOS" */ = {
			isa = XCConfigurationList;
			buildConfigurations = (
				D97BECCEAE3A0892C7813E07 /* Debug */,
				3D158D076C11B132A7C21F4B /* Release */,
			);
			defaultConfigurationIsVisible = 0;
			defaultConfigurationName = Debug;
		};
/* End XCConfigurationList section */
	};
	rootObject = A9AFFCA1A6DAEDB2BDB391A4 /* Project object */;
}
