// !$*UTF8*$!
{
	archiveVersion = 1;
	classes = {
	};
	objectVersion = 77;
	objects = {

/* Begin PBXBuildFile section */
		015060CDB3630B368B305AD7 /* UpbitModels.swift in Sources */ = {isa = PBXBuildFile; fileRef = 88F8AC2B260C922C237C900A /* UpbitModels.swift */; };
		0BC504FBC24C21A41E373C8C /* CryptoTrackApp.swift in Sources */ = {isa = PBXBuildFile; fileRef = EE92905CC6A894C1C5D85684 /* CryptoTrackApp.swift */; };
		0D7E7B30C4252603D2B8298B /* AssetRowView.swift in Sources */ = {isa = PBXBuildFile; fileRef = 829E5D79CAA13AF24C902797 /* AssetRowView.swift */; };
		13C07F479E2B4FFAA0CD976C /* UpbitAuthenticator.swift in Sources */ = {isa = PBXBuildFile; fileRef = 2794D5492839B07BDFD497D9 /* UpbitAuthenticator.swift */; };
		1437BAF292408FCE23692858 /* BybitAuthenticator.swift in Sources */ = {isa = PBXBuildFile; fileRef = A0C8D4118909D5194348EB00 /* BybitAuthenticator.swift */; };
		18B4D92FAA6FBCD19099DE9F /* BinanceModels.swift in Sources */ = {isa = PBXBuildFile; fileRef = C6AFD933DEFFE11FD71FF26D /* BinanceModels.swift */; };
		1C308663E6FEB4F1FCD5395A /* PortfolioSummaryView.swift in Sources */ = {isa = PBXBuildFile; fileRef = 8344C7737156A71CF574CA44 /* PortfolioSummaryView.swift */; };
		1C7567C75552FB525EA1C986 /* CoinoneModels.swift in Sources */ = {isa = PBXBuildFile; fileRef = 06868FAC22000898FF2EAD94 /* CoinoneModels.swift */; };
		1DAE3B5B754BB09951129428 /* BinanceModels.swift in Sources */ = {isa = PBXBuildFile; fileRef = C6AFD933DEFFE11FD71FF26D /* BinanceModels.swift */; };
		1DB47048C90F14A2DA7611FF /* KorbitService.swift in Sources */ = {isa = PBXBuildFile; fileRef = E9C8256951226340D3F519D7 /* KorbitService.swift */; };
		1F202936D8949DC369511FE7 /* BithumbModels.swift in Sources */ = {isa = PBXBuildFile; fileRef = C550256480F6C8FA520961F8 /* BithumbModels.swift */; };
		3334B8AF5CEE0CD88A9E0529 /* BinanceAuthenticator.swift in Sources */ = {isa = PBXBuildFile; fileRef = 817492FE8F1013795D10D037 /* BinanceAuthenticator.swift */; };
		42DC072FDEB613594FE1DAB4 /* KorbitAuthenticator.swift in Sources */ = {isa = PBXBuildFile; fileRef = 9A49290D5E895F8DC2517969 /* KorbitAuthenticator.swift */; };
		4727A59A686EFBF178B75134 /* BinanceService.swift in Sources */ = {isa = PBXBuildFile; fileRef = 8EE37BB3FB354C45B96CB492 /* BinanceService.swift */; };
		4936C7EA8C2813D9508AB69B /* OKXAuthenticator.swift in Sources */ = {isa = PBXBuildFile; fileRef = B1D3D7E225CDFAF04292D563 /* OKXAuthenticator.swift */; };
		51C7F939F4C7ADFDC31C617D /* CoinoneService.swift in Sources */ = {isa = PBXBuildFile; fileRef = E953C8E9015B7DE7ED8D823C /* CoinoneService.swift */; };
		631ECD27BD26DF740F384567 /* CoinoneAuthenticator.swift in Sources */ = {isa = PBXBuildFile; fileRef = EA0398A8B3F551B99EAA4881 /* CoinoneAuthenticator.swift */; };
		64A0FC0AD467B15C7E31D02C /* KeychainService.swift in Sources */ = {isa = PBXBuildFile; fileRef = 44BF77678F8F9CD0D05864F6 /* KeychainService.swift */; };
		6B8C4D40C08BB36B72834C13 /* BithumbService.swift in Sources */ = {isa = PBXBuildFile; fileRef = E90302837D216377EE23F496 /* BithumbService.swift */; };
		6CAB3C9B0D2E611F0DACB7BC /* Ticker.swift in Sources */ = {isa = PBXBuildFile; fileRef = 0A380BE2B8D5C0AAC816B247 /* Ticker.swift */; };
		6CB5D63B23DC96E0AB198372 /* BithumbService.swift in Sources */ = {isa = PBXBuildFile; fileRef = E90302837D216377EE23F496 /* BithumbService.swift */; };
		6D871484572C35CACC3BE3CD /* OKXModels.swift in Sources */ = {isa = PBXBuildFile; fileRef = 2AD631E0111F8EB380D2A416 /* OKXModels.swift */; };
		70A58A3309621338DE228847 /* DashboardView.swift in Sources */ = {isa = PBXBuildFile; fileRef = CA4769E89A5F115B6254A2A5 /* DashboardView.swift */; };
		78314D75E5843AD28F1C6301 /* OKXService.swift in Sources */ = {isa = PBXBuildFile; fileRef = 93D5BEA612E533AD6B38D565 /* OKXService.swift */; };
		797846C2A4C595B57C553CC9 /* BinanceAuthenticator.swift in Sources */ = {isa = PBXBuildFile; fileRef = 817492FE8F1013795D10D037 /* BinanceAuthenticator.swift */; };
		813DF19805F5CA0D00287738 /* BybitAuthenticator.swift in Sources */ = {isa = PBXBuildFile; fileRef = A0C8D4118909D5194348EB00 /* BybitAuthenticator.swift */; };
		81C0D4C538C81B420987AAAD /* CryptoTrackApp.swift in Sources */ = {isa = PBXBuildFile; fileRef = EE92905CC6A894C1C5D85684 /* CryptoTrackApp.swift */; };
		8C986F7E571D170C2BD4E345 /* CoinoneAuthenticator.swift in Sources */ = {isa = PBXBuildFile; fileRef = EA0398A8B3F551B99EAA4881 /* CoinoneAuthenticator.swift */; };
		8F1C462AA011D9B6D252DFEE /* CoinoneModels.swift in Sources */ = {isa = PBXBuildFile; fileRef = 06868FAC22000898FF2EAD94 /* CoinoneModels.swift */; };
		8F9127AA55E3231BCE5F897B /* UpbitService.swift in Sources */ = {isa = PBXBuildFile; fileRef = 0BE5E7B842C2A024DA08EE04 /* UpbitService.swift */; };
		91034B5796142A177D3CD5A3 /* DashboardView.swift in Sources */ = {isa = PBXBuildFile; fileRef = CA4769E89A5F115B6254A2A5 /* DashboardView.swift */; };
		9802CCA484054E0D792585DE /* DashboardViewModel.swift in Sources */ = {isa = PBXBuildFile; fileRef = 6F46D8D08900D7EC7BB034A2 /* DashboardViewModel.swift */; };
		9C1FAF37269967BAC68147AE /* BithumbAuthenticator.swift in Sources */ = {isa = PBXBuildFile; fileRef = CC97ED7469C6C4333F23604A /* BithumbAuthenticator.swift */; };
		9F2B4DB3DE1CAD6714C06B17 /* BinanceService.swift in Sources */ = {isa = PBXBuildFile; fileRef = 8EE37BB3FB354C45B96CB492 /* BinanceService.swift */; };
		A2E4CBC4C272E55B737F430E /* UpbitModels.swift in Sources */ = {isa = PBXBuildFile; fileRef = 88F8AC2B260C922C237C900A /* UpbitModels.swift */; };
		A320FF6F48E111326B977724 /* Asset.swift in Sources */ = {isa = PBXBuildFile; fileRef = DAD125E46CB3EB8D808C0451 /* Asset.swift */; };
		A5291BCFC5C18B38807D2C98 /* ContentView.swift in Sources */ = {isa = PBXBuildFile; fileRef = 2928C4D84F8D9FC746C47F57 /* ContentView.swift */; };
		A8B83B1C68CBC677554B956C /* BybitService.swift in Sources */ = {isa = PBXBuildFile; fileRef = 4EE5DD232B80F0DC9AA2D98C /* BybitService.swift */; };
		A9CDD485BC0B104FD906A05D /* UpbitService.swift in Sources */ = {isa = PBXBuildFile; fileRef = 0BE5E7B842C2A024DA08EE04 /* UpbitService.swift */; };
		B30708FD724C5D21D82E38EB /* DashboardViewModel.swift in Sources */ = {isa = PBXBuildFile; fileRef = 6F46D8D08900D7EC7BB034A2 /* DashboardViewModel.swift */; };
		BA79881312796B6CF28D8A0F /* OKXService.swift in Sources */ = {isa = PBXBuildFile; fileRef = 93D5BEA612E533AD6B38D565 /* OKXService.swift */; };
		BB3AAFC2EFC6EA87B2D6F195 /* KorbitModels.swift in Sources */ = {isa = PBXBuildFile; fileRef = E39E8518D3D082761DAC5B1C /* KorbitModels.swift */; };
		C1459737EA3473519873308E /* AssetRowView.swift in Sources */ = {isa = PBXBuildFile; fileRef = 829E5D79CAA13AF24C902797 /* AssetRowView.swift */; };
		C1DF507A6895A095F17AE1CF /* KorbitService.swift in Sources */ = {isa = PBXBuildFile; fileRef = E9C8256951226340D3F519D7 /* KorbitService.swift */; };
		C5D5D87BFFBE42F86268DCCC /* ExchangeService.swift in Sources */ = {isa = PBXBuildFile; fileRef = 91775BE24F4D7AC40D474E76 /* ExchangeService.swift */; };
		C6F9685CE0B73E5C4C931B40 /* BybitService.swift in Sources */ = {isa = PBXBuildFile; fileRef = 4EE5DD232B80F0DC9AA2D98C /* BybitService.swift */; };
		C822FB5F4E23F7ADAFF7DE32 /* CoinoneService.swift in Sources */ = {isa = PBXBuildFile; fileRef = E953C8E9015B7DE7ED8D823C /* CoinoneService.swift */; };
		CAD28FF7F5D1597B4449F942 /* KorbitModels.swift in Sources */ = {isa = PBXBuildFile; fileRef = E39E8518D3D082761DAC5B1C /* KorbitModels.swift */; };
		CF2ADC3506F3439CDC1A2DC5 /* BybitModels.swift in Sources */ = {isa = PBXBuildFile; fileRef = 19049C75B3807E418FB9EC8D /* BybitModels.swift */; };
		CFFD02CF8C206B97CB4885D7 /* BithumbAuthenticator.swift in Sources */ = {isa = PBXBuildFile; fileRef = CC97ED7469C6C4333F23604A /* BithumbAuthenticator.swift */; };
		D1CC2F26AA40307AC4444772 /* BybitModels.swift in Sources */ = {isa = PBXBuildFile; fileRef = 19049C75B3807E418FB9EC8D /* BybitModels.swift */; };
		D1F01C198F1DCE33FE1D1A0C /* Asset.swift in Sources */ = {isa = PBXBuildFile; fileRef = DAD125E46CB3EB8D808C0451 /* Asset.swift */; };
		D2ADFD6A68D806FB79F13C63 /* OKXModels.swift in Sources */ = {isa = PBXBuildFile; fileRef = 2AD631E0111F8EB380D2A416 /* OKXModels.swift */; };
		D40533D3897A66C7B98BE3BD /* OKXAuthenticator.swift in Sources */ = {isa = PBXBuildFile; fileRef = B1D3D7E225CDFAF04292D563 /* OKXAuthenticator.swift */; };
		D47961C7D97EB4EF64626B04 /* KeychainService.swift in Sources */ = {isa = PBXBuildFile; fileRef = 44BF77678F8F9CD0D05864F6 /* KeychainService.swift */; };
		DCD03C9B9065B4E565482D37 /* Ticker.swift in Sources */ = {isa = PBXBuildFile; fileRef = 0A380BE2B8D5C0AAC816B247 /* Ticker.swift */; };
		DFFF1464876305AA8244E9CF /* BithumbModels.swift in Sources */ = {isa = PBXBuildFile; fileRef = C550256480F6C8FA520961F8 /* BithumbModels.swift */; };
		E3846FD217ABE3F877BE0DB5 /* ContentView.swift in Sources */ = {isa = PBXBuildFile; fileRef = 2928C4D84F8D9FC746C47F57 /* ContentView.swift */; };
		E62D0CA074F92B94E7ECA454 /* KorbitAuthenticator.swift in Sources */ = {isa = PBXBuildFile; fileRef = 9A49290D5E895F8DC2517969 /* KorbitAuthenticator.swift */; };
		E690237C16CA89D583DDB9C1 /* UpbitAuthenticator.swift in Sources */ = {isa = PBXBuildFile; fileRef = 2794D5492839B07BDFD497D9 /* UpbitAuthenticator.swift */; };
		E772E9453227699A6FF285AA /* ExchangeService.swift in Sources */ = {isa = PBXBuildFile; fileRef = 91775BE24F4D7AC40D474E76 /* ExchangeService.swift */; };
		EF0FFB3E3AEB7ABB72CF2458 /* PortfolioSummaryView.swift in Sources */ = {isa = PBXBuildFile; fileRef = 8344C7737156A71CF574CA44 /* PortfolioSummaryView.swift */; };
/* End PBXBuildFile section */

/* Begin PBXFileReference section */
		06868FAC22000898FF2EAD94 /* CoinoneModels.swift */ = {isa = PBXFileReference; lastKnownFileType = sourcecode.swift; path = CoinoneModels.swift; sourceTree = "<group>"; };
		0A380BE2B8D5C0AAC816B247 /* Ticker.swift */ = {isa = PBXFileReference; lastKnownFileType = sourcecode.swift; path = Ticker.swift; sourceTree = "<group>"; };
		0BE5E7B842C2A024DA08EE04 /* UpbitService.swift */ = {isa = PBXFileReference; lastKnownFileType = sourcecode.swift; path = UpbitService.swift; sourceTree = "<group>"; };
		19049C75B3807E418FB9EC8D /* BybitModels.swift */ = {isa = PBXFileReference; lastKnownFileType = sourcecode.swift; path = BybitModels.swift; sourceTree = "<group>"; };
		2794D5492839B07BDFD497D9 /* UpbitAuthenticator.swift */ = {isa = PBXFileReference; lastKnownFileType = sourcecode.swift; path = UpbitAuthenticator.swift; sourceTree = "<group>"; };
		2928C4D84F8D9FC746C47F57 /* ContentView.swift */ = {isa = PBXFileReference; lastKnownFileType = sourcecode.swift; path = ContentView.swift; sourceTree = "<group>"; };
		2AD631E0111F8EB380D2A416 /* OKXModels.swift */ = {isa = PBXFileReference; lastKnownFileType = sourcecode.swift; path = OKXModels.swift; sourceTree = "<group>"; };
		44BF77678F8F9CD0D05864F6 /* KeychainService.swift */ = {isa = PBXFileReference; lastKnownFileType = sourcecode.swift; path = KeychainService.swift; sourceTree = "<group>"; };
		4EE5DD232B80F0DC9AA2D98C /* BybitService.swift */ = {isa = PBXFileReference; lastKnownFileType = sourcecode.swift; path = BybitService.swift; sourceTree = "<group>"; };
		6F46D8D08900D7EC7BB034A2 /* DashboardViewModel.swift */ = {isa = PBXFileReference; lastKnownFileType = sourcecode.swift; path = DashboardViewModel.swift; sourceTree = "<group>"; };
		75469FAFD9005DCCF734F4DC /* CryptoTrack.app */ = {isa = PBXFileReference; includeInIndex = 0; lastKnownFileType = wrapper.application; path = CryptoTrack.app; sourceTree = BUILT_PRODUCTS_DIR; };
		817492FE8F1013795D10D037 /* BinanceAuthenticator.swift */ = {isa = PBXFileReference; lastKnownFileType = sourcecode.swift; path = BinanceAuthenticator.swift; sourceTree = "<group>"; };
		81CBEA1D951A4B51950D02BC /* CryptoTrack.app */ = {isa = PBXFileReference; explicitFileType = wrapper.application; includeInIndex = 0; path = CryptoTrack.app; sourceTree = BUILT_PRODUCTS_DIR; };
		829E5D79CAA13AF24C902797 /* AssetRowView.swift */ = {isa = PBXFileReference; lastKnownFileType = sourcecode.swift; path = AssetRowView.swift; sourceTree = "<group>"; };
		8344C7737156A71CF574CA44 /* PortfolioSummaryView.swift */ = {isa = PBXFileReference; lastKnownFileType = sourcecode.swift; path = PortfolioSummaryView.swift; sourceTree = "<group>"; };
		88F8AC2B260C922C237C900A /* UpbitModels.swift */ = {isa = PBXFileReference; lastKnownFileType = sourcecode.swift; path = UpbitModels.swift; sourceTree = "<group>"; };
		8EE37BB3FB354C45B96CB492 /* BinanceService.swift */ = {isa = PBXFileReference; lastKnownFileType = sourcecode.swift; path = BinanceService.swift; sourceTree = "<group>"; };
		91775BE24F4D7AC40D474E76 /* ExchangeService.swift */ = {isa = PBXFileReference; lastKnownFileType = sourcecode.swift; path = ExchangeService.swift; sourceTree = "<group>"; };
		93D5BEA612E533AD6B38D565 /* OKXService.swift */ = {isa = PBXFileReference; lastKnownFileType = sourcecode.swift; path = OKXService.swift; sourceTree = "<group>"; };
		9A49290D5E895F8DC2517969 /* KorbitAuthenticator.swift */ = {isa = PBXFileReference; lastKnownFileType = sourcecode.swift; path = KorbitAuthenticator.swift; sourceTree = "<group>"; };
		A0C8D4118909D5194348EB00 /* BybitAuthenticator.swift */ = {isa = PBXFileReference; lastKnownFileType = sourcecode.swift; path = BybitAuthenticator.swift; sourceTree = "<group>"; };
		B1D3D7E225CDFAF04292D563 /* OKXAuthenticator.swift */ = {isa = PBXFileReference; lastKnownFileType = sourcecode.swift; path = OKXAuthenticator.swift; sourceTree = "<group>"; };
		C550256480F6C8FA520961F8 /* BithumbModels.swift */ = {isa = PBXFileReference; lastKnownFileType = sourcecode.swift; path = BithumbModels.swift; sourceTree = "<group>"; };
		C6AFD933DEFFE11FD71FF26D /* BinanceModels.swift */ = {isa = PBXFileReference; lastKnownFileType = sourcecode.swift; path = BinanceModels.swift; sourceTree = "<group>"; };
		CA4769E89A5F115B6254A2A5 /* DashboardView.swift */ = {isa = PBXFileReference; lastKnownFileType = sourcecode.swift; path = DashboardView.swift; sourceTree = "<group>"; };
		CC97ED7469C6C4333F23604A /* BithumbAuthenticator.swift */ = {isa = PBXFileReference; lastKnownFileType = sourcecode.swift; path = BithumbAuthenticator.swift; sourceTree = "<group>"; };
		DAD125E46CB3EB8D808C0451 /* Asset.swift */ = {isa = PBXFileReference; lastKnownFileType = sourcecode.swift; path = Asset.swift; sourceTree = "<group>"; };
		E39E8518D3D082761DAC5B1C /* KorbitModels.swift */ = {isa = PBXFileReference; lastKnownFileType = sourcecode.swift; path = KorbitModels.swift; sourceTree = "<group>"; };
		E90302837D216377EE23F496 /* BithumbService.swift */ = {isa = PBXFileReference; lastKnownFileType = sourcecode.swift; path = BithumbService.swift; sourceTree = "<group>"; };
		E953C8E9015B7DE7ED8D823C /* CoinoneService.swift */ = {isa = PBXFileReference; lastKnownFileType = sourcecode.swift; path = CoinoneService.swift; sourceTree = "<group>"; };
		E9C8256951226340D3F519D7 /* KorbitService.swift */ = {isa = PBXFileReference; lastKnownFileType = sourcecode.swift; path = KorbitService.swift; sourceTree = "<group>"; };
		EA0398A8B3F551B99EAA4881 /* CoinoneAuthenticator.swift */ = {isa = PBXFileReference; lastKnownFileType = sourcecode.swift; path = CoinoneAuthenticator.swift; sourceTree = "<group>"; };
		EE92905CC6A894C1C5D85684 /* CryptoTrackApp.swift */ = {isa = PBXFileReference; lastKnownFileType = sourcecode.swift; path = CryptoTrackApp.swift; sourceTree = "<group>"; };
/* End PBXFileReference section */

/* Begin PBXGroup section */
		024298F81DE6F54517CAF92F /* Binance */ = {
			isa = PBXGroup;
			children = (
				817492FE8F1013795D10D037 /* BinanceAuthenticator.swift */,
				C6AFD933DEFFE11FD71FF26D /* BinanceModels.swift */,
				8EE37BB3FB354C45B96CB492 /* BinanceService.swift */,
			);
			path = Binance;
			sourceTree = "<group>";
		};
		0C02421D763689D07103A629 = {
			isa = PBXGroup;
			children = (
				213BAA27C08F0C9B06027EBB /* CryptoTrack */,
				1994F1769C36FD809D61F4D5 /* Products */,
			);
			sourceTree = "<group>";
		};
		1496F45F3F866A4D2A6C83EB /* Services */ = {
			isa = PBXGroup;
			children = (
				51F27B882986CCFB52362A83 /* Exchange */,
				9003A6CA121A071231AAB49E /* Keychain */,
			);
			path = Services;
			sourceTree = "<group>";
		};
		1994F1769C36FD809D61F4D5 /* Products */ = {
			isa = PBXGroup;
			children = (
				75469FAFD9005DCCF734F4DC /* CryptoTrack.app */,
				81CBEA1D951A4B51950D02BC /* CryptoTrack.app */,
			);
			name = Products;
			sourceTree = "<group>";
		};
		213BAA27C08F0C9B06027EBB /* CryptoTrack */ = {
			isa = PBXGroup;
			children = (
				F98F45CBD97B4F6832A36342 /* App */,
				FD76BE3C8FBE469207D5EB2C /* Models */,
				1496F45F3F866A4D2A6C83EB /* Services */,
				C4128D1B5EA8B70E878F3A5F /* ViewModels */,
				24C0B3D2DB5D2C033F3049BC /* Views */,
			);
			path = CryptoTrack;
			sourceTree = "<group>";
		};
		24C0B3D2DB5D2C033F3049BC /* Views */ = {
			isa = PBXGroup;
			children = (
				25D304C4B7B67D5DFA9C78AE /* Dashboard */,
			);
			path = Views;
			sourceTree = "<group>";
		};
		25D304C4B7B67D5DFA9C78AE /* Dashboard */ = {
			isa = PBXGroup;
			children = (
				829E5D79CAA13AF24C902797 /* AssetRowView.swift */,
				CA4769E89A5F115B6254A2A5 /* DashboardView.swift */,
				8344C7737156A71CF574CA44 /* PortfolioSummaryView.swift */,
			);
			path = Dashboard;
			sourceTree = "<group>";
		};
		363DB6A8E81EA83AA609053C /* OKX */ = {
			isa = PBXGroup;
			children = (
				B1D3D7E225CDFAF04292D563 /* OKXAuthenticator.swift */,
				2AD631E0111F8EB380D2A416 /* OKXModels.swift */,
				93D5BEA612E533AD6B38D565 /* OKXService.swift */,
			);
			path = OKX;
			sourceTree = "<group>";
		};
		51F27B882986CCFB52362A83 /* Exchange */ = {
			isa = PBXGroup;
			children = (
				91775BE24F4D7AC40D474E76 /* ExchangeService.swift */,
				024298F81DE6F54517CAF92F /* Binance */,
				A3FBA83D5158C60C28A199A8 /* Bithumb */,
				DD10C017D6EC5CA85525E660 /* Bybit */,
				D06A7B1FADF1168206D422EC /* Coinone */,
				9A3C460D38D0F63CD552D0FF /* Korbit */,
				363DB6A8E81EA83AA609053C /* OKX */,
				FC534E32F1131D0AD9DE64B2 /* Upbit */,
			);
			path = Exchange;
			sourceTree = "<group>";
		};
		9003A6CA121A071231AAB49E /* Keychain */ = {
			isa = PBXGroup;
			children = (
				44BF77678F8F9CD0D05864F6 /* KeychainService.swift */,
			);
			path = Keychain;
			sourceTree = "<group>";
		};
		9A3C460D38D0F63CD552D0FF /* Korbit */ = {
			isa = PBXGroup;
			children = (
				9A49290D5E895F8DC2517969 /* KorbitAuthenticator.swift */,
				E39E8518D3D082761DAC5B1C /* KorbitModels.swift */,
				E9C8256951226340D3F519D7 /* KorbitService.swift */,
			);
			path = Korbit;
			sourceTree = "<group>";
		};
		A3FBA83D5158C60C28A199A8 /* Bithumb */ = {
			isa = PBXGroup;
			children = (
				CC97ED7469C6C4333F23604A /* BithumbAuthenticator.swift */,
				C550256480F6C8FA520961F8 /* BithumbModels.swift */,
				E90302837D216377EE23F496 /* BithumbService.swift */,
			);
			path = Bithumb;
			sourceTree = "<group>";
		};
		C4128D1B5EA8B70E878F3A5F /* ViewModels */ = {
			isa = PBXGroup;
			children = (
				6F46D8D08900D7EC7BB034A2 /* DashboardViewModel.swift */,
			);
			path = ViewModels;
			sourceTree = "<group>";
		};
		D06A7B1FADF1168206D422EC /* Coinone */ = {
			isa = PBXGroup;
			children = (
				EA0398A8B3F551B99EAA4881 /* CoinoneAuthenticator.swift */,
				06868FAC22000898FF2EAD94 /* CoinoneModels.swift */,
				E953C8E9015B7DE7ED8D823C /* CoinoneService.swift */,
			);
			path = Coinone;
			sourceTree = "<group>";
		};
		DD10C017D6EC5CA85525E660 /* Bybit */ = {
			isa = PBXGroup;
			children = (
				A0C8D4118909D5194348EB00 /* BybitAuthenticator.swift */,
				19049C75B3807E418FB9EC8D /* BybitModels.swift */,
				4EE5DD232B80F0DC9AA2D98C /* BybitService.swift */,
			);
			path = Bybit;
			sourceTree = "<group>";
		};
		F98F45CBD97B4F6832A36342 /* App */ = {
			isa = PBXGroup;
			children = (
				2928C4D84F8D9FC746C47F57 /* ContentView.swift */,
				EE92905CC6A894C1C5D85684 /* CryptoTrackApp.swift */,
			);
			path = App;
			sourceTree = "<group>";
		};
		FC534E32F1131D0AD9DE64B2 /* Upbit */ = {
			isa = PBXGroup;
			children = (
				2794D5492839B07BDFD497D9 /* UpbitAuthenticator.swift */,
				88F8AC2B260C922C237C900A /* UpbitModels.swift */,
				0BE5E7B842C2A024DA08EE04 /* UpbitService.swift */,
			);
			path = Upbit;
			sourceTree = "<group>";
		};
		FD76BE3C8FBE469207D5EB2C /* Models */ = {
			isa = PBXGroup;
			children = (
				DAD125E46CB3EB8D808C0451 /* Asset.swift */,
				0A380BE2B8D5C0AAC816B247 /* Ticker.swift */,
			);
			path = Models;
			sourceTree = "<group>";
		};
/* End PBXGroup section */

/* Begin PBXNativeTarget section */
		7734F0F3C4306C9CCC30A4BD /* CryptoTrack_macOS */ = {
			isa = PBXNativeTarget;
			buildConfigurationList = 29C64AE304ED43C560768D1D /* Build configuration list for PBXNativeTarget "CryptoTrack_macOS" */;
			buildPhases = (
				0D176A78BBEBA73701E54EFA /* Sources */,
			);
			buildRules = (
			);
			dependencies = (
			);
			name = CryptoTrack_macOS;
			packageProductDependencies = (
			);
			productName = CryptoTrack_macOS;
			productReference = 81CBEA1D951A4B51950D02BC /* CryptoTrack.app */;
			productType = "com.apple.product-type.application";
		};
		CB93EEE36D85418F1294F168 /* CryptoTrack_iOS */ = {
			isa = PBXNativeTarget;
			buildConfigurationList = 05BC665D73E9092F466332B9 /* Build configuration list for PBXNativeTarget "CryptoTrack_iOS" */;
			buildPhases = (
				F39424803AE0D57497EEE671 /* Sources */,
			);
			buildRules = (
			);
			dependencies = (
			);
			name = CryptoTrack_iOS;
			packageProductDependencies = (
			);
			productName = CryptoTrack_iOS;
			productReference = 75469FAFD9005DCCF734F4DC /* CryptoTrack.app */;
			productType = "com.apple.product-type.application";
		};
/* End PBXNativeTarget section */

/* Begin PBXProject section */
		A9AFFCA1A6DAEDB2BDB391A4 /* Project object */ = {
			isa = PBXProject;
			attributes = {
				BuildIndependentTargetsInParallel = YES;
				LastUpgradeCheck = 1600;
				TargetAttributes = {
				};
			};
			buildConfigurationList = 3185B67B91D5D0B42AB79C12 /* Build configuration list for PBXProject "CryptoTrack" */;
			developmentRegion = en;
			hasScannedForEncodings = 0;
			knownRegions = (
				Base,
				en,
			);
			mainGroup = 0C02421D763689D07103A629;
			minimizedProjectReferenceProxies = 1;
			preferredProjectObjectVersion = 77;
			productRefGroup = 1994F1769C36FD809D61F4D5 /* Products */;
			projectDirPath = "";
			projectRoot = "";
			targets = (
				CB93EEE36D85418F1294F168 /* CryptoTrack_iOS */,
				7734F0F3C4306C9CCC30A4BD /* CryptoTrack_macOS */,
			);
		};
/* End PBXProject section */

/* Begin PBXSourcesBuildPhase section */
		0D176A78BBEBA73701E54EFA /* Sources */ = {
			isa = PBXSourcesBuildPhase;
			buildActionMask = 2147483647;
			files = (
				D1F01C198F1DCE33FE1D1A0C /* Asset.swift in Sources */,
				C1459737EA3473519873308E /* AssetRowView.swift in Sources */,
				3334B8AF5CEE0CD88A9E0529 /* BinanceAuthenticator.swift in Sources */,
				1DAE3B5B754BB09951129428 /* BinanceModels.swift in Sources */,
				9F2B4DB3DE1CAD6714C06B17 /* BinanceService.swift in Sources */,
				CFFD02CF8C206B97CB4885D7 /* BithumbAuthenticator.swift in Sources */,
				1F202936D8949DC369511FE7 /* BithumbModels.swift in Sources */,
				6B8C4D40C08BB36B72834C13 /* BithumbService.swift in Sources */,
				813DF19805F5CA0D00287738 /* BybitAuthenticator.swift in Sources */,
				D1CC2F26AA40307AC4444772 /* BybitModels.swift in Sources */,
				C6F9685CE0B73E5C4C931B40 /* BybitService.swift in Sources */,
				8C986F7E571D170C2BD4E345 /* CoinoneAuthenticator.swift in Sources */,
				8F1C462AA011D9B6D252DFEE /* CoinoneModels.swift in Sources */,
				51C7F939F4C7ADFDC31C617D /* CoinoneService.swift in Sources */,
				A5291BCFC5C18B38807D2C98 /* ContentView.swift in Sources */,
				0BC504FBC24C21A41E373C8C /* CryptoTrackApp.swift in Sources */,
				70A58A3309621338DE228847 /* DashboardView.swift in Sources */,
				9802CCA484054E0D792585DE /* DashboardViewModel.swift in Sources */,
				E772E9453227699A6FF285AA /* ExchangeService.swift in Sources */,
				D47961C7D97EB4EF64626B04 /* KeychainService.swift in Sources */,
				E62D0CA074F92B94E7ECA454 /* KorbitAuthenticator.swift in Sources */,
				BB3AAFC2EFC6EA87B2D6F195 /* KorbitModels.swift in Sources */,
				1DB47048C90F14A2DA7611FF /* KorbitService.swift in Sources */,
				4936C7EA8C2813D9508AB69B /* OKXAuthenticator.swift in Sources */,
				D2ADFD6A68D806FB79F13C63 /* OKXModels.swift in Sources */,
				BA79881312796B6CF28D8A0F /* OKXService.swift in Sources */,
				1C308663E6FEB4F1FCD5395A /* PortfolioSummaryView.swift in Sources */,
				DCD03C9B9065B4E565482D37 /* Ticker.swift in Sources */,
				13C07F479E2B4FFAA0CD976C /* UpbitAuthenticator.swift in Sources */,
				015060CDB3630B368B305AD7 /* UpbitModels.swift in Sources */,
				8F9127AA55E3231BCE5F897B /* UpbitService.swift in Sources */,
			);
			runOnlyForDeploymentPostprocessing = 0;
		};
		F39424803AE0D57497EEE671 /* Sources */ = {
			isa = PBXSourcesBuildPhase;
			buildActionMask = 2147483647;
			files = (
				A320FF6F48E111326B977724 /* Asset.swift in Sources */,
				0D7E7B30C4252603D2B8298B /* AssetRowView.swift in Sources */,
				797846C2A4C595B57C553CC9 /* BinanceAuthenticator.swift in Sources */,
				18B4D92FAA6FBCD19099DE9F /* BinanceModels.swift in Sources */,
				4727A59A686EFBF178B75134 /* BinanceService.swift in Sources */,
				9C1FAF37269967BAC68147AE /* BithumbAuthenticator.swift in Sources */,
				DFFF1464876305AA8244E9CF /* BithumbModels.swift in Sources */,
				6CB5D63B23DC96E0AB198372 /* BithumbService.swift in Sources */,
				1437BAF292408FCE23692858 /* BybitAuthenticator.swift in Sources */,
				CF2ADC3506F3439CDC1A2DC5 /* BybitModels.swift in Sources */,
				A8B83B1C68CBC677554B956C /* BybitService.swift in Sources */,
				631ECD27BD26DF740F384567 /* CoinoneAuthenticator.swift in Sources */,
				1C7567C75552FB525EA1C986 /* CoinoneModels.swift in Sources */,
				C822FB5F4E23F7ADAFF7DE32 /* CoinoneService.swift in Sources */,
				E3846FD217ABE3F877BE0DB5 /* ContentView.swift in Sources */,
				81C0D4C538C81B420987AAAD /* CryptoTrackApp.swift in Sources */,
				91034B5796142A177D3CD5A3 /* DashboardView.swift in Sources */,
				B30708FD724C5D21D82E38EB /* DashboardViewModel.swift in Sources */,
				C5D5D87BFFBE42F86268DCCC /* ExchangeService.swift in Sources */,
				64A0FC0AD467B15C7E31D02C /* KeychainService.swift in Sources */,
				42DC072FDEB613594FE1DAB4 /* KorbitAuthenticator.swift in Sources */,
				CAD28FF7F5D1597B4449F942 /* KorbitModels.swift in Sources */,
				C1DF507A6895A095F17AE1CF /* KorbitService.swift in Sources */,
				D40533D3897A66C7B98BE3BD /* OKXAuthenticator.swift in Sources */,
				6D871484572C35CACC3BE3CD /* OKXModels.swift in Sources */,
				78314D75E5843AD28F1C6301 /* OKXService.swift in Sources */,
				EF0FFB3E3AEB7ABB72CF2458 /* PortfolioSummaryView.swift in Sources */,
				6CAB3C9B0D2E611F0DACB7BC /* Ticker.swift in Sources */,
				E690237C16CA89D583DDB9C1 /* UpbitAuthenticator.swift in Sources */,
				A2E4CBC4C272E55B737F430E /* UpbitModels.swift in Sources */,
				A9CDD485BC0B104FD906A05D /* UpbitService.swift in Sources */,
			);
			runOnlyForDeploymentPostprocessing = 0;
		};
/* End PBXSourcesBuildPhase section */

/* Begin XCBuildConfiguration section */
		391222E2A9550236E4BC312C /* Release */ = {
			isa = XCBuildConfiguration;
			buildSettings = {
				ALWAYS_SEARCH_USER_PATHS = NO;
				CLANG_ANALYZER_NONNULL = YES;
				CLANG_ANALYZER_NUMBER_OBJECT_CONVERSION = YES_AGGRESSIVE;
				CLANG_CXX_LANGUAGE_STANDARD = "gnu++14";
				CLANG_CXX_LIBRARY = "libc++";
				CLANG_ENABLE_MODULES = YES;
				CLANG_ENABLE_OBJC_ARC = YES;
				CLANG_ENABLE_OBJC_WEAK = YES;
				CLANG_WARN_BLOCK_CAPTURE_AUTORELEASING = YES;
				CLANG_WARN_BOOL_CONVERSION = YES;
				CLANG_WARN_COMMA = YES;
				CLANG_WARN_CONSTANT_CONVERSION = YES;
				CLANG_WARN_DEPRECATED_OBJC_IMPLEMENTATIONS = YES;
				CLANG_WARN_DIRECT_OBJC_ISA_USAGE = YES_ERROR;
				CLANG_WARN_DOCUMENTATION_COMMENTS = YES;
				CLANG_WARN_EMPTY_BODY = YES;
				CLANG_WARN_ENUM_CONVERSION = YES;
				CLANG_WARN_INFINITE_RECURSION = YES;
				CLANG_WARN_INT_CONVERSION = YES;
				CLANG_WARN_NON_LITERAL_NULL_CONVERSION = YES;
				CLANG_WARN_OBJC_IMPLICIT_RETAIN_SELF = YES;
				CLANG_WARN_OBJC_LITERAL_CONVERSION = YES;
				CLANG_WARN_OBJC_ROOT_CLASS = YES_ERROR;
				CLANG_WARN_QUOTED_INCLUDE_IN_FRAMEWORK_HEADER = YES;
				CLANG_WARN_RANGE_LOOP_ANALYSIS = YES;
				CLANG_WARN_STRICT_PROTOTYPES = YES;
				CLANG_WARN_SUSPICIOUS_MOVE = YES;
				CLANG_WARN_UNGUARDED_AVAILABILITY = YES_AGGRESSIVE;
				CLANG_WARN_UNREACHABLE_CODE = YES;
				CLANG_WARN__DUPLICATE_METHOD_MATCH = YES;
				COPY_PHASE_STRIP = NO;
				DEBUG_INFORMATION_FORMAT = "dwarf-with-dsym";
				ENABLE_NS_ASSERTIONS = NO;
				ENABLE_STRICT_OBJC_MSGSEND = YES;
				ENABLE_USER_SCRIPT_SANDBOXING = YES;
				GCC_C_LANGUAGE_STANDARD = gnu11;
				GCC_NO_COMMON_BLOCKS = YES;
				GCC_WARN_64_TO_32_BIT_CONVERSION = YES;
				GCC_WARN_ABOUT_RETURN_TYPE = YES_ERROR;
				GCC_WARN_UNDECLARED_SELECTOR = YES;
				GCC_WARN_UNINITIALIZED_AUTOS = YES_AGGRESSIVE;
				GCC_WARN_UNUSED_FUNCTION = YES;
				GCC_WARN_UNUSED_VARIABLE = YES;
				IPHONEOS_DEPLOYMENT_TARGET = 17.0;
				MACOSX_DEPLOYMENT_TARGET = 14.0;
				MTL_ENABLE_DEBUG_INFO = NO;
				MTL_FAST_MATH = YES;
				PRODUCT_NAME = "$(TARGET_NAME)";
				SWIFT_COMPILATION_MODE = wholemodule;
				SWIFT_OPTIMIZATION_LEVEL = "-O";
				SWIFT_VERSION = 6.0;
			};
			name = Release;
		};
		68A134A4F81412CD52BF3019 /* Release */ = {
			isa = XCBuildConfiguration;
			buildSettings = {
				ASSETCATALOG_COMPILER_APPICON_NAME = AppIcon;
				COMBINE_HIDPI_IMAGES = YES;
				CURRENT_PROJECT_VERSION = 1;
				GENERATE_INFOPLIST_FILE = YES;
				INFOPLIST_GENERATION_MODE = GeneratedFile;
				LD_RUNPATH_SEARCH_PATHS = (
					"$(inherited)",
					"@executable_path/../Frameworks",
				);
				MARKETING_VERSION = 0.1.0;
				PRODUCT_BUNDLE_IDENTIFIER = com.cryptotrack.app;
				PRODUCT_NAME = CryptoTrack;
				SDKROOT = macosx;
				SWIFT_COMPILATION_MODE = wholemodule;
				SWIFT_EMIT_LOC_STRINGS = YES;
			};
			name = Release;
		};
		739F62AB1B8DF707AD4D3EA7 /* Debug */ = {
			isa = XCBuildConfiguration;
			buildSettings = {
				ASSETCATALOG_COMPILER_APPICON_NAME = AppIcon;
				CODE_SIGN_IDENTITY = "iPhone Developer";
				CURRENT_PROJECT_VERSION = 1;
				GENERATE_INFOPLIST_FILE = YES;
				INFOPLIST_GENERATION_MODE = GeneratedFile;
				LD_RUNPATH_SEARCH_PATHS = (
					"$(inherited)",
					"@executable_path/Frameworks",
				);
				MARKETING_VERSION = 0.1.0;
				PRODUCT_BUNDLE_IDENTIFIER = com.cryptotrack.app;
				PRODUCT_NAME = CryptoTrack;
				SDKROOT = iphoneos;
				SWIFT_ACTIVE_COMPILATION_CONDITIONS = DEBUG;
				SWIFT_EMIT_LOC_STRINGS = YES;
				TARGETED_DEVICE_FAMILY = "1,2";
			};
			name = Debug;
		};
		867D8101F3816EF10E1A6C00 /* Debug */ = {
			isa = XCBuildConfiguration;
			buildSettings = {
				ALWAYS_SEARCH_USER_PATHS = NO;
				CLANG_ANALYZER_NONNULL = YES;
				CLANG_ANALYZER_NUMBER_OBJECT_CONVERSION = YES_AGGRESSIVE;
				CLANG_CXX_LANGUAGE_STANDARD = "gnu++14";
				CLANG_CXX_LIBRARY = "libc++";
				CLANG_ENABLE_MODULES = YES;
				CLANG_ENABLE_OBJC_ARC = YES;
				CLANG_ENABLE_OBJC_WEAK = YES;
				CLANG_WARN_BLOCK_CAPTURE_AUTORELEASING = YES;
				CLANG_WARN_BOOL_CONVERSION = YES;
				CLANG_WARN_COMMA = YES;
				CLANG_WARN_CONSTANT_CONVERSION = YES;
				CLANG_WARN_DEPRECATED_OBJC_IMPLEMENTATIONS = YES;
				CLANG_WARN_DIRECT_OBJC_ISA_USAGE = YES_ERROR;
				CLANG_WARN_DOCUMENTATION_COMMENTS = YES;
				CLANG_WARN_EMPTY_BODY = YES;
				CLANG_WARN_ENUM_CONVERSION = YES;
				CLANG_WARN_INFINITE_RECURSION = YES;
				CLANG_WARN_INT_CONVERSION = YES;
				CLANG_WARN_NON_LITERAL_NULL_CONVERSION = YES;
				CLANG_WARN_OBJC_IMPLICIT_RETAIN_SELF = YES;
				CLANG_WARN_OBJC_LITERAL_CONVERSION = YES;
				CLANG_WARN_OBJC_ROOT_CLASS = YES_ERROR;
				CLANG_WARN_QUOTED_INCLUDE_IN_FRAMEWORK_HEADER = YES;
				CLANG_WARN_RANGE_LOOP_ANALYSIS = YES;
				CLANG_WARN_STRICT_PROTOTYPES = YES;
				CLANG_WARN_SUSPICIOUS_MOVE = YES;
				CLANG_WARN_UNGUARDED_AVAILABILITY = YES_AGGRESSIVE;
				CLANG_WARN_UNREACHABLE_CODE = YES;
				CLANG_WARN__DUPLICATE_METHOD_MATCH = YES;
				COPY_PHASE_STRIP = NO;
				DEBUG_INFORMATION_FORMAT = dwarf;
				ENABLE_STRICT_OBJC_MSGSEND = YES;
				ENABLE_TESTABILITY = YES;
				ENABLE_USER_SCRIPT_SANDBOXING = YES;
				GCC_C_LANGUAGE_STANDARD = gnu11;
				GCC_DYNAMIC_NO_PIC = NO;
				GCC_NO_COMMON_BLOCKS = YES;
				GCC_OPTIMIZATION_LEVEL = 0;
				GCC_PREPROCESSOR_DEFINITIONS = (
					"$(inherited)",
					"DEBUG=1",
				);
				GCC_WARN_64_TO_32_BIT_CONVERSION = YES;
				GCC_WARN_ABOUT_RETURN_TYPE = YES_ERROR;
				GCC_WARN_UNDECLARED_SELECTOR = YES;
				GCC_WARN_UNINITIALIZED_AUTOS = YES_AGGRESSIVE;
				GCC_WARN_UNUSED_FUNCTION = YES;
				GCC_WARN_UNUSED_VARIABLE = YES;
				IPHONEOS_DEPLOYMENT_TARGET = 17.0;
				MACOSX_DEPLOYMENT_TARGET = 14.0;
				MTL_ENABLE_DEBUG_INFO = INCLUDE_SOURCE;
				MTL_FAST_MATH = YES;
				ONLY_ACTIVE_ARCH = YES;
				PRODUCT_NAME = "$(TARGET_NAME)";
				SWIFT_ACTIVE_COMPILATION_CONDITIONS = DEBUG;
				SWIFT_OPTIMIZATION_LEVEL = "-Onone";
				SWIFT_VERSION = 6.0;
			};
			name = Debug;
		};
		C57F1289932BF451CC6DD06A /* Debug */ = {
			isa = XCBuildConfiguration;
			buildSettings = {
				ASSETCATALOG_COMPILER_APPICON_NAME = AppIcon;
				COMBINE_HIDPI_IMAGES = YES;
				CURRENT_PROJECT_VERSION = 1;
				GENERATE_INFOPLIST_FILE = YES;
				INFOPLIST_GENERATION_MODE = GeneratedFile;
				LD_RUNPATH_SEARCH_PATHS = (
					"$(inherited)",
					"@executable_path/../Frameworks",
				);
				MARKETING_VERSION = 0.1.0;
				PRODUCT_BUNDLE_IDENTIFIER = com.cryptotrack.app;
				PRODUCT_NAME = CryptoTrack;
				SDKROOT = macosx;
				SWIFT_ACTIVE_COMPILATION_CONDITIONS = DEBUG;
				SWIFT_EMIT_LOC_STRINGS = YES;
			};
			name = Debug;
		};
		CF6ABD91BBC321A8AA3D2572 /* Release */ = {
			isa = XCBuildConfiguration;
			buildSettings = {
				ASSETCATALOG_COMPILER_APPICON_NAME = AppIcon;
				CODE_SIGN_IDENTITY = "iPhone Developer";
				CURRENT_PROJECT_VERSION = 1;
				GENERATE_INFOPLIST_FILE = YES;
				INFOPLIST_GENERATION_MODE = GeneratedFile;
				LD_RUNPATH_SEARCH_PATHS = (
					"$(inherited)",
					"@executable_path/Frameworks",
				);
				MARKETING_VERSION = 0.1.0;
				PRODUCT_BUNDLE_IDENTIFIER = com.cryptotrack.app;
				PRODUCT_NAME = CryptoTrack;
				SDKROOT = iphoneos;
				SWIFT_COMPILATION_MODE = wholemodule;
				SWIFT_EMIT_LOC_STRINGS = YES;
				TARGETED_DEVICE_FAMILY = "1,2";
			};
			name = Release;
		};
/* End XCBuildConfiguration section */

/* Begin XCConfigurationList section */
		05BC665D73E9092F466332B9 /* Build configuration list for PBXNativeTarget "CryptoTrack_iOS" */ = {
			isa = XCConfigurationList;
			buildConfigurations = (
				739F62AB1B8DF707AD4D3EA7 /* Debug */,
				CF6ABD91BBC321A8AA3D2572 /* Release */,
			);
			defaultConfigurationIsVisible = 0;
			defaultConfigurationName = Debug;
		};
		29C64AE304ED43C560768D1D /* Build configuration list for PBXNativeTarget "CryptoTrack_macOS" */ = {
			isa = XCConfigurationList;
			buildConfigurations = (
				C57F1289932BF451CC6DD06A /* Debug */,
				68A134A4F81412CD52BF3019 /* Release */,
			);
			defaultConfigurationIsVisible = 0;
			defaultConfigurationName = Debug;
		};
		3185B67B91D5D0B42AB79C12 /* Build configuration list for PBXProject "CryptoTrack" */ = {
			isa = XCConfigurationList;
			buildConfigurations = (
				867D8101F3816EF10E1A6C00 /* Debug */,
				391222E2A9550236E4BC312C /* Release */,
			);
			defaultConfigurationIsVisible = 0;
			defaultConfigurationName = Debug;
		};
/* End XCConfigurationList section */
	};
	rootObject = A9AFFCA1A6DAEDB2BDB391A4 /* Project object */;
}
